// !$*UTF8*$!
{
	archiveVersion = 1;
	classes = {
	};
	objectVersion = 51;
	objects = {

/* Begin PBXBuildFile section */
		025AFCE59506FF8036640AED /* RegistrationProvider.swift in Sources */ = {isa = PBXBuildFile; fileRef = DE8ABF39C76996261D477B7A /* RegistrationProvider.swift */; };
		0666A80B854D22B59886D17D /* AuthenticationModuleService.swift in Sources */ = {isa = PBXBuildFile; fileRef = A651260C897C2FEBF263A6AE /* AuthenticationModuleService.swift */; };
		0A3003386436E25388079770 /* RegistrationBuilder.swift in Sources */ = {isa = PBXBuildFile; fileRef = 15B3D10129657B3777FF91A9 /* RegistrationBuilder.swift */; };
		0AC8AF45C6BA486DA1A797D0 /* TrainerModuleInteractor.swift in Sources */ = {isa = PBXBuildFile; fileRef = 862DC6304C95BA261942A085 /* TrainerModuleInteractor.swift */; };
		0B80000420D53FDE3FDFFA53 /* UserModuleInteractor.swift in Sources */ = {isa = PBXBuildFile; fileRef = B7D5E8CBF30047E0C779A513 /* UserModuleInteractor.swift */; };
		0CEF344D82F1F9557C643C04 /* UserSettingsPresenter.swift in Sources */ = {isa = PBXBuildFile; fileRef = B8FE8226BF5641FBE811E478 /* UserSettingsPresenter.swift */; };
		12429ED90F04596E564F9207 /* UserModulePresenter.swift in Sources */ = {isa = PBXBuildFile; fileRef = E19EB632B445864AC56064D0 /* UserModulePresenter.swift */; };
		12F57DE69FB23F01E0E29B54 /* UserProgrammsService.swift in Sources */ = {isa = PBXBuildFile; fileRef = 97F26102C211A5A05690A4F9 /* UserProgrammsService.swift */; };
		18062C233C834147FB1AB9F9 /* AuthenticationModuleInteractor.swift in Sources */ = {isa = PBXBuildFile; fileRef = EE340C3E34D1BFAA666DCCBC /* AuthenticationModuleInteractor.swift */; };
		1809228ADB7DD66E0CB652CB /* PasswordRecoveryDataStore.swift in Sources */ = {isa = PBXBuildFile; fileRef = 755BAFF617AAA7FF9B0F983A /* PasswordRecoveryDataStore.swift */; };
		1F9BCA229E61E1498939A58D /* UserTrainingCalendarPresenter.swift in Sources */ = {isa = PBXBuildFile; fileRef = B506AFC76A39822185526340 /* UserTrainingCalendarPresenter.swift */; };
		280E59C17B73F6D5EEA3B2E2 /* UserTrainingCalendarBuilder.swift in Sources */ = {isa = PBXBuildFile; fileRef = 54C228CEA3F3AEA10DB72447 /* UserTrainingCalendarBuilder.swift */; };
		2B4961A13E0D1DF3FB9C1831 /* RegistrationView.swift in Sources */ = {isa = PBXBuildFile; fileRef = E43D0C15774DF5AF39E26590 /* RegistrationView.swift */; };
		2E1D8A9DF6CBD6806C13B8A4 /* UserTrainingCalendarViewController.swift in Sources */ = {isa = PBXBuildFile; fileRef = 4AA8CD006C06D68A90498150 /* UserTrainingCalendarViewController.swift */; };
		2E5B0E68749A9B97745B1A63 /* UserProgrammsView.swift in Sources */ = {isa = PBXBuildFile; fileRef = 57169451E9396B8EB6C06856 /* UserProgrammsView.swift */; };
		2F45CC83E74DE7242A461C04 /* UserModuleModel.swift in Sources */ = {isa = PBXBuildFile; fileRef = A8E8CD3993D7C97427A498CE /* UserModuleModel.swift */; };
		2FEF183CA975C2B18D4C824B /* UserProgrammsViewController.swift in Sources */ = {isa = PBXBuildFile; fileRef = D7B634D2111F2D4D28608792 /* UserProgrammsViewController.swift */; };
		359208B0595AC5099D0487E9 /* AuthenticationModuleDataFlow.swift in Sources */ = {isa = PBXBuildFile; fileRef = 380B7E64FCD30DBFF36B3827 /* AuthenticationModuleDataFlow.swift */; };
		35C8CDAB544E5AAA1819F043 /* TrainerModuleDataStore.swift in Sources */ = {isa = PBXBuildFile; fileRef = 4947A8AA8909A35C74B5C2E7 /* TrainerModuleDataStore.swift */; };
		38CB51413B7D2A206EBD2427 /* RegistrationInteractor.swift in Sources */ = {isa = PBXBuildFile; fileRef = FD467A11AD6A5CC40DF08D3C /* RegistrationInteractor.swift */; };
		3A95A438423A8AAA53A97C08 /* PasswordRecoveryService.swift in Sources */ = {isa = PBXBuildFile; fileRef = BB7F32D3892DC7937BF2B290 /* PasswordRecoveryService.swift */; };
		3B316A51C7AF4C4FE9BD5822 /* TrainerModuleModel.swift in Sources */ = {isa = PBXBuildFile; fileRef = 610F3D98211648AEA1F722BC /* TrainerModuleModel.swift */; };
		3D1EC614C0F2335C3B9EA0C6 /* AuthenticationModulePresenter.swift in Sources */ = {isa = PBXBuildFile; fileRef = F54C5DEB7C15680B4A6DE356 /* AuthenticationModulePresenter.swift */; };
		3D5E9D08A1E0C43C8C3EF354 /* UserSettingsInteractor.swift in Sources */ = {isa = PBXBuildFile; fileRef = 5F007B8EAF4451DD0772FFD8 /* UserSettingsInteractor.swift */; };
		41616779C423B637A064C19B /* Pods_sportprogrammTests.framework in Frameworks */ = {isa = PBXBuildFile; fileRef = A3F5528899C8FA092635342E /* Pods_sportprogrammTests.framework */; };
		41A6D4CEDAEFB8CEC0A08BF0 /* Pods_sportprogramm_sportprogrammUITests.framework in Frameworks */ = {isa = PBXBuildFile; fileRef = 47E7E5F857952679329BE143 /* Pods_sportprogramm_sportprogrammUITests.framework */; };
		44E44F7353A2B0D54DF1390D /* UserProgrammsBuilder.swift in Sources */ = {isa = PBXBuildFile; fileRef = C65687F656F3ABD600603CA2 /* UserProgrammsBuilder.swift */; };
		481880AC55500B5552383796 /* UserProgrammsModel.swift in Sources */ = {isa = PBXBuildFile; fileRef = 37C98F51D1FD3E221A440CA3 /* UserProgrammsModel.swift */; };
		50895E881714F33D6DC92FF7 /* PasswordRecoveryBuilder.swift in Sources */ = {isa = PBXBuildFile; fileRef = 17851B7A4727B802B2523073 /* PasswordRecoveryBuilder.swift */; };
		526DC687D0BC420391581571 /* Pods_sportprogramm.framework in Frameworks */ = {isa = PBXBuildFile; fileRef = 35A19B4FA09C64F149868282 /* Pods_sportprogramm.framework */; };
		53A7870CA46A235F83A40C90 /* RegistrationPresenter.swift in Sources */ = {isa = PBXBuildFile; fileRef = 0C2096C23491E088C861670B /* RegistrationPresenter.swift */; };
		5781E4F43BA619BD2370E96A /* UserTrainingCalendarView.swift in Sources */ = {isa = PBXBuildFile; fileRef = D8A1C74389037466BDD87213 /* UserTrainingCalendarView.swift */; };
		5F71183AA6F35A7464D19232 /* UserSettingsService.swift in Sources */ = {isa = PBXBuildFile; fileRef = DF6C2BC446EB0C1E1B926550 /* UserSettingsService.swift */; };
		63F1DF5A196E22FE9C635DA4 /* UserTrainingCalendarModel.swift in Sources */ = {isa = PBXBuildFile; fileRef = 6CCA08E7E889F02F62F9026D /* UserTrainingCalendarModel.swift */; };
		69A7E1642C276163AD6C983F /* TrainerModuleProvider.swift in Sources */ = {isa = PBXBuildFile; fileRef = 17CABB74D1DFA3B88B0C093E /* TrainerModuleProvider.swift */; };
		6FA5ECA32A40974D45D0363C /* UserSettingsProvider.swift in Sources */ = {isa = PBXBuildFile; fileRef = 5739D49060B81C5205071B84 /* UserSettingsProvider.swift */; };
		6FBF0D2F18C172A2CEE14EBE /* UserSettingsDataStore.swift in Sources */ = {isa = PBXBuildFile; fileRef = FBEE7756FA7D2C5CF81A9BAE /* UserSettingsDataStore.swift */; };
		739C3232A0389339D54C4D78 /* RegistrationDataStore.swift in Sources */ = {isa = PBXBuildFile; fileRef = 2AA250B2EDE9AF518AD74F33 /* RegistrationDataStore.swift */; };
		7409EC69C150BC198C6908FE /* TrainerModulePresenter.swift in Sources */ = {isa = PBXBuildFile; fileRef = CBE8F33C6D1C486E702F4870 /* TrainerModulePresenter.swift */; };
		7736B82A817177105DB31236 /* PasswordRecoveryPresenter.swift in Sources */ = {isa = PBXBuildFile; fileRef = 2857A23EDD0FB71FD69D8E1D /* PasswordRecoveryPresenter.swift */; };
		79E9B8B4C9C0D4BD01A85D8B /* RegistrationViewController.swift in Sources */ = {isa = PBXBuildFile; fileRef = 546412060AD3A73FF6403F24 /* RegistrationViewController.swift */; };
		7AAD55BFFB5A30063476DDBC /* TrainerModuleViewController.swift in Sources */ = {isa = PBXBuildFile; fileRef = 2CDCDEFA61D134B003F9B38B /* TrainerModuleViewController.swift */; };
		7CECF9474B765300F4B8972D /* AuthenticationModuleView.swift in Sources */ = {isa = PBXBuildFile; fileRef = ABFE5509DA3DDAE9FE3571E8 /* AuthenticationModuleView.swift */; };
		7EE76DF24B3236549F00FAB3 /* UserSettingsDataFlow.swift in Sources */ = {isa = PBXBuildFile; fileRef = B707BB42FAD7D5C561A6E357 /* UserSettingsDataFlow.swift */; };
		84307C964EED907EB7A9E971 /* RegistrationDataFlow.swift in Sources */ = {isa = PBXBuildFile; fileRef = B17DF2842B4510C230B4C7C6 /* RegistrationDataFlow.swift */; };
		850F5652FDC2C4FA7F71FEFF /* UserModuleService.swift in Sources */ = {isa = PBXBuildFile; fileRef = 2995DB96135E7A859458C679 /* UserModuleService.swift */; };
		97889C8FE0E12B3EFA0EAC21 /* AuthenticationModuleDataStore.swift in Sources */ = {isa = PBXBuildFile; fileRef = 65A4EEA138BB13990F01C614 /* AuthenticationModuleDataStore.swift */; };
		99F2B21B04C243C68C1D544E /* TrainerModuleService.swift in Sources */ = {isa = PBXBuildFile; fileRef = 025BD2369D9638EB30236E00 /* TrainerModuleService.swift */; };
		9DFDEF42A0692E4E09AA0582 /* UserSettingsBuilder.swift in Sources */ = {isa = PBXBuildFile; fileRef = A1D5D0E7BA36D52E42720D09 /* UserSettingsBuilder.swift */; };
		A337C1B9EC4E2FB68A96FC37 /* PasswordRecoveryDataFlow.swift in Sources */ = {isa = PBXBuildFile; fileRef = 5D55A69365605289FF21D9C1 /* PasswordRecoveryDataFlow.swift */; };
		A66F5326A773B28C18B83AB7 /* PasswordRecoveryProvider.swift in Sources */ = {isa = PBXBuildFile; fileRef = 5A38A556A30049AE495A3F1B /* PasswordRecoveryProvider.swift */; };
		ADB6F6879CA5F959BC24352E /* TrainerModuleDataFlow.swift in Sources */ = {isa = PBXBuildFile; fileRef = 070E770051843B932686F480 /* TrainerModuleDataFlow.swift */; };
		AE12D23474862A95A5A29A70 /* AuthenticationModuleViewController.swift in Sources */ = {isa = PBXBuildFile; fileRef = C981F6AC5C217271AE8F4156 /* AuthenticationModuleViewController.swift */; };
		B3E05778EFEBE26DDC8EF54D /* PasswordRecoveryModel.swift in Sources */ = {isa = PBXBuildFile; fileRef = 1498092BDE80062C12EA926D /* PasswordRecoveryModel.swift */; };
		B59347437768607800527EA8 /* TrainerModuleView.swift in Sources */ = {isa = PBXBuildFile; fileRef = 8CC5315C1557F2DB20A39FFF /* TrainerModuleView.swift */; };
		BAB492C738DF9F6289FBACBD /* PasswordRecoveryView.swift in Sources */ = {isa = PBXBuildFile; fileRef = E90AFABA39DAF669F71BF4A3 /* PasswordRecoveryView.swift */; };
		BADB0331A021A809F590EC8A /* UserSettingsModel.swift in Sources */ = {isa = PBXBuildFile; fileRef = F635333B0C757FFA4D46864E /* UserSettingsModel.swift */; };
		BCDD7A6AFB84E1AEAF20B1C2 /* UserModuleProvider.swift in Sources */ = {isa = PBXBuildFile; fileRef = C41D9D046500CA7FFA4F5D8A /* UserModuleProvider.swift */; };
		C1DDF19E1C71FB25F38696E7 /* UserProgrammsPresenter.swift in Sources */ = {isa = PBXBuildFile; fileRef = 7D12D935EB76D2101DBD652C /* UserProgrammsPresenter.swift */; };
		C7C969AFA1483A8F6CC83763 /* TrainerModuleBuilder.swift in Sources */ = {isa = PBXBuildFile; fileRef = D74A19C0B2E4913A3F5B8FC0 /* TrainerModuleBuilder.swift */; };
		CA5E73F07730455F4D710A72 /* UserModuleView.swift in Sources */ = {isa = PBXBuildFile; fileRef = CE13564639B2D5667D0B2AD2 /* UserModuleView.swift */; };
		CC398AC08202234B4A9E95A4 /* AuthenticationModuleBuilder.swift in Sources */ = {isa = PBXBuildFile; fileRef = 2F971BAC3F2330C52B052A88 /* AuthenticationModuleBuilder.swift */; };
		CC9D9A9EC51D9D91A8F5EFE5 /* UserTrainingCalendarService.swift in Sources */ = {isa = PBXBuildFile; fileRef = 2EEC1355EF24401065B5FA71 /* UserTrainingCalendarService.swift */; };
		CCAD73305D3903D2E49CBA17 /* UserModuleDataStore.swift in Sources */ = {isa = PBXBuildFile; fileRef = A68F3DA3662E0D55993EDD2B /* UserModuleDataStore.swift */; };
		D59012DE7794EC43C8093C0A /* UserSettingsView.swift in Sources */ = {isa = PBXBuildFile; fileRef = 25E03266CA20DC4CAED93C6E /* UserSettingsView.swift */; };
		D5D0A427DE737068EE51DD3A /* AuthenticationModuleModel.swift in Sources */ = {isa = PBXBuildFile; fileRef = 40311FDD41C02E3A2051B6D6 /* AuthenticationModuleModel.swift */; };
		D66861AD255009A000FC8219 /* GoogleService-Info.plist in Resources */ = {isa = PBXBuildFile; fileRef = D66861AC255009A000FC8219 /* GoogleService-Info.plist */; };
		D66861AE255009A000FC8219 /* GoogleService-Info.plist in Resources */ = {isa = PBXBuildFile; fileRef = D66861AC255009A000FC8219 /* GoogleService-Info.plist */; };
		D66861AF255009A000FC8219 /* GoogleService-Info.plist in Resources */ = {isa = PBXBuildFile; fileRef = D66861AC255009A000FC8219 /* GoogleService-Info.plist */; };
		D66861B3255052A400FC8219 /* Tables.swift in Sources */ = {isa = PBXBuildFile; fileRef = D66861B2255052A400FC8219 /* Tables.swift */; };
		D66861B625555C4400FC8219 /* SF-Pro-Display-Bold.otf in Resources */ = {isa = PBXBuildFile; fileRef = D66861B525555C4400FC8219 /* SF-Pro-Display-Bold.otf */; };
		D66861B825555C9D00FC8219 /* SF-Pro-Text-Regular.otf in Resources */ = {isa = PBXBuildFile; fileRef = D66861B725555C9D00FC8219 /* SF-Pro-Text-Regular.otf */; };
		D66861BA2559940000FC8219 /* UITapGestureRec+didTapAttrText.swift in Sources */ = {isa = PBXBuildFile; fileRef = D66861B9255993FF00FC8219 /* UITapGestureRec+didTapAttrText.swift */; };
		D670AF992577D6BD000BB237 /* UserProgrammsTableViewCell.swift in Sources */ = {isa = PBXBuildFile; fileRef = D670AF982577D6BD000BB237 /* UserProgrammsTableViewCell.swift */; };
		D67D7CF225AC5CF3005B2920 /* UserProgrammsDataSource.swift in Sources */ = {isa = PBXBuildFile; fileRef = D67D7CF125AC5CF3005B2920 /* UserProgrammsDataSource.swift */; };
		D67D7CF425AC690E005B2920 /* UserProgrammsDelegate.swift in Sources */ = {isa = PBXBuildFile; fileRef = D67D7CF325AC690E005B2920 /* UserProgrammsDelegate.swift */; };
		D67D7CF625AC6949005B2920 /* ViewControllerDelegateProtocol.swift in Sources */ = {isa = PBXBuildFile; fileRef = D67D7CF525AC6949005B2920 /* ViewControllerDelegateProtocol.swift */; };
		D6C103B8258CAFEE000B05F2 /* HorizontalFlowWeekdayCell.swift in Sources */ = {isa = PBXBuildFile; fileRef = D6C103B7258CAFEE000B05F2 /* HorizontalFlowWeekdayCell.swift */; };
		D6C103BA258CB015000B05F2 /* CustomNavBar.swift in Sources */ = {isa = PBXBuildFile; fileRef = D6C103B9258CB015000B05F2 /* CustomNavBar.swift */; };
		D6C103BD258CB0FF000B05F2 /* DailyTrainingCell.swift in Sources */ = {isa = PBXBuildFile; fileRef = D6C103BC258CB0FF000B05F2 /* DailyTrainingCell.swift */; };
		D6C1040D25960645000B05F2 /* MockData.swift in Sources */ = {isa = PBXBuildFile; fileRef = D6C1040C25960645000B05F2 /* MockData.swift */; };
		D6C104102599EA90000B05F2 /* UserDetailedTrainingBuilder.swift in Sources */ = {isa = PBXBuildFile; fileRef = D6C1040F2599EA90000B05F2 /* UserDetailedTrainingBuilder.swift */; };
		D6C104122599EA9E000B05F2 /* UserDetailedTrainingPresenter.swift in Sources */ = {isa = PBXBuildFile; fileRef = D6C104112599EA9E000B05F2 /* UserDetailedTrainingPresenter.swift */; };
		D6C104142599EAB0000B05F2 /* UserDetailedTrainingModel.swift in Sources */ = {isa = PBXBuildFile; fileRef = D6C104132599EAB0000B05F2 /* UserDetailedTrainingModel.swift */; };
		D6C104162599EACD000B05F2 /* UserDetailedTrainingViewController.swift in Sources */ = {isa = PBXBuildFile; fileRef = D6C104152599EACD000B05F2 /* UserDetailedTrainingViewController.swift */; };
		D6C104182599EADF000B05F2 /* UserDetailedTrainingView.swift in Sources */ = {isa = PBXBuildFile; fileRef = D6C104172599EADF000B05F2 /* UserDetailedTrainingView.swift */; };
		D6D772732588DEF000AA476F /* DetailedProgrammPresenter.swift in Sources */ = {isa = PBXBuildFile; fileRef = D6D772722588DEF000AA476F /* DetailedProgrammPresenter.swift */; };
		D6D772752588E05A00AA476F /* DetailedProgrammViewController.swift in Sources */ = {isa = PBXBuildFile; fileRef = D6D772742588E05A00AA476F /* DetailedProgrammViewController.swift */; };
		D6D772772588E08D00AA476F /* DetailedProgrammView.swift in Sources */ = {isa = PBXBuildFile; fileRef = D6D772762588E08D00AA476F /* DetailedProgrammView.swift */; };
		D6D772792588E28D00AA476F /* DetailedProgrammBuilder.swift in Sources */ = {isa = PBXBuildFile; fileRef = D6D772782588E28D00AA476F /* DetailedProgrammBuilder.swift */; };
		D6FEB94A253B7048003085F9 /* AppDelegate.swift in Sources */ = {isa = PBXBuildFile; fileRef = D6FEB949253B7048003085F9 /* AppDelegate.swift */; };
		D6FEB94C253B7048003085F9 /* SceneDelegate.swift in Sources */ = {isa = PBXBuildFile; fileRef = D6FEB94B253B7048003085F9 /* SceneDelegate.swift */; };
		D6FEB953253B704A003085F9 /* Assets.xcassets in Resources */ = {isa = PBXBuildFile; fileRef = D6FEB952253B704A003085F9 /* Assets.xcassets */; };
		D6FEB956253B704A003085F9 /* LaunchScreen.storyboard in Resources */ = {isa = PBXBuildFile; fileRef = D6FEB954253B704A003085F9 /* LaunchScreen.storyboard */; };
		D6FEB961253B704B003085F9 /* sportprogrammTests.swift in Sources */ = {isa = PBXBuildFile; fileRef = D6FEB960253B704B003085F9 /* sportprogrammTests.swift */; };
		D6FEB96C253B704B003085F9 /* sportprogrammUITests.swift in Sources */ = {isa = PBXBuildFile; fileRef = D6FEB96B253B704B003085F9 /* sportprogrammUITests.swift */; };
		D6FEB992253B7B10003085F9 /* SF-Compact-Rounded-Semibold.otf in Resources */ = {isa = PBXBuildFile; fileRef = D6FEB989253B7B0F003085F9 /* SF-Compact-Rounded-Semibold.otf */; };
		D6FEB993253B7B10003085F9 /* SF-Compact-Rounded-Ultralight.otf in Resources */ = {isa = PBXBuildFile; fileRef = D6FEB98A253B7B0F003085F9 /* SF-Compact-Rounded-Ultralight.otf */; };
		D6FEB994253B7B10003085F9 /* SF-Compact-Rounded-Thin.otf in Resources */ = {isa = PBXBuildFile; fileRef = D6FEB98B253B7B0F003085F9 /* SF-Compact-Rounded-Thin.otf */; };
		D6FEB995253B7B10003085F9 /* SF-Compact-Rounded-Black.otf in Resources */ = {isa = PBXBuildFile; fileRef = D6FEB98C253B7B0F003085F9 /* SF-Compact-Rounded-Black.otf */; };
		D6FEB996253B7B10003085F9 /* SF-Compact-Rounded-Light.otf in Resources */ = {isa = PBXBuildFile; fileRef = D6FEB98D253B7B0F003085F9 /* SF-Compact-Rounded-Light.otf */; };
		D6FEB997253B7B10003085F9 /* SF-Compact-Rounded-Bold.otf in Resources */ = {isa = PBXBuildFile; fileRef = D6FEB98E253B7B0F003085F9 /* SF-Compact-Rounded-Bold.otf */; };
		D6FEB998253B7B10003085F9 /* SF-Compact-Rounded-Heavy.otf in Resources */ = {isa = PBXBuildFile; fileRef = D6FEB98F253B7B10003085F9 /* SF-Compact-Rounded-Heavy.otf */; };
		D6FEB999253B7B10003085F9 /* SF-Compact-Rounded-Medium.otf in Resources */ = {isa = PBXBuildFile; fileRef = D6FEB990253B7B10003085F9 /* SF-Compact-Rounded-Medium.otf */; };
		D6FEB99A253B7B10003085F9 /* SF-Compact-Rounded-Regular.otf in Resources */ = {isa = PBXBuildFile; fileRef = D6FEB991253B7B10003085F9 /* SF-Compact-Rounded-Regular.otf */; };
		E5D28048EC9ED277534F3745 /* UserModuleViewController.swift in Sources */ = {isa = PBXBuildFile; fileRef = 49F45E151A7018E4EC2A3B8E /* UserModuleViewController.swift */; };
		E68562833B1C3D32B29531DF /* PasswordRecoveryInteractor.swift in Sources */ = {isa = PBXBuildFile; fileRef = FC99010D20F127FEF5545FB4 /* PasswordRecoveryInteractor.swift */; };
		E6D3052965286F9841638A7E /* PasswordRecoveryViewController.swift in Sources */ = {isa = PBXBuildFile; fileRef = 174B2037C70170DBA4320D79 /* PasswordRecoveryViewController.swift */; };
		EB78341B56457785F062297E /* RegistrationService.swift in Sources */ = {isa = PBXBuildFile; fileRef = 647205C82370E7D49252F2CD /* RegistrationService.swift */; };
		ED79E34D390FFF52C43E799B /* UserModuleDataFlow.swift in Sources */ = {isa = PBXBuildFile; fileRef = AE6259D01F238583683EDE1D /* UserModuleDataFlow.swift */; };
		F2C2FAFF05E4CA123A6AB8F8 /* RegistrationModel.swift in Sources */ = {isa = PBXBuildFile; fileRef = 710C1DC484750A673891FEF0 /* RegistrationModel.swift */; };
		F55D88CB5659CDEC31A835EA /* UserSettingsViewController.swift in Sources */ = {isa = PBXBuildFile; fileRef = 8400555AAF480FB8029EBD4C /* UserSettingsViewController.swift */; };
		F594AF763EED4B93EE5F3088 /* UserModuleBuilder.swift in Sources */ = {isa = PBXBuildFile; fileRef = AAFE377D61C9183E1099AD15 /* UserModuleBuilder.swift */; };
		F822108DC65ADEC71CD5C1F3 /* AuthenticationModuleProvider.swift in Sources */ = {isa = PBXBuildFile; fileRef = DD14E7D9C23823F0C8F8D430 /* AuthenticationModuleProvider.swift */; };
/* End PBXBuildFile section */

/* Begin PBXContainerItemProxy section */
		D6FEB95D253B704B003085F9 /* PBXContainerItemProxy */ = {
			isa = PBXContainerItemProxy;
			containerPortal = D6FEB93E253B7048003085F9 /* Project object */;
			proxyType = 1;
			remoteGlobalIDString = D6FEB945253B7048003085F9;
			remoteInfo = sportprogramm;
		};
		D6FEB968253B704B003085F9 /* PBXContainerItemProxy */ = {
			isa = PBXContainerItemProxy;
			containerPortal = D6FEB93E253B7048003085F9 /* Project object */;
			proxyType = 1;
			remoteGlobalIDString = D6FEB945253B7048003085F9;
			remoteInfo = sportprogramm;
		};
/* End PBXContainerItemProxy section */

/* Begin PBXFileReference section */
		025BD2369D9638EB30236E00 /* TrainerModuleService.swift */ = {isa = PBXFileReference; includeInIndex = 1; lastKnownFileType = sourcecode.swift; path = TrainerModuleService.swift; sourceTree = "<group>"; };
		070E770051843B932686F480 /* TrainerModuleDataFlow.swift */ = {isa = PBXFileReference; includeInIndex = 1; lastKnownFileType = sourcecode.swift; path = TrainerModuleDataFlow.swift; sourceTree = "<group>"; };
		0C2096C23491E088C861670B /* RegistrationPresenter.swift */ = {isa = PBXFileReference; includeInIndex = 1; lastKnownFileType = sourcecode.swift; path = RegistrationPresenter.swift; sourceTree = "<group>"; };
		1498092BDE80062C12EA926D /* PasswordRecoveryModel.swift */ = {isa = PBXFileReference; includeInIndex = 1; lastKnownFileType = sourcecode.swift; path = PasswordRecoveryModel.swift; sourceTree = "<group>"; };
		15B3D10129657B3777FF91A9 /* RegistrationBuilder.swift */ = {isa = PBXFileReference; includeInIndex = 1; lastKnownFileType = sourcecode.swift; path = RegistrationBuilder.swift; sourceTree = "<group>"; };
		174B2037C70170DBA4320D79 /* PasswordRecoveryViewController.swift */ = {isa = PBXFileReference; includeInIndex = 1; lastKnownFileType = sourcecode.swift; path = PasswordRecoveryViewController.swift; sourceTree = "<group>"; };
		17851B7A4727B802B2523073 /* PasswordRecoveryBuilder.swift */ = {isa = PBXFileReference; includeInIndex = 1; lastKnownFileType = sourcecode.swift; path = PasswordRecoveryBuilder.swift; sourceTree = "<group>"; };
		17CABB74D1DFA3B88B0C093E /* TrainerModuleProvider.swift */ = {isa = PBXFileReference; includeInIndex = 1; lastKnownFileType = sourcecode.swift; path = TrainerModuleProvider.swift; sourceTree = "<group>"; };
		25E03266CA20DC4CAED93C6E /* UserSettingsView.swift */ = {isa = PBXFileReference; includeInIndex = 1; lastKnownFileType = sourcecode.swift; path = UserSettingsView.swift; sourceTree = "<group>"; };
		2857A23EDD0FB71FD69D8E1D /* PasswordRecoveryPresenter.swift */ = {isa = PBXFileReference; includeInIndex = 1; lastKnownFileType = sourcecode.swift; path = PasswordRecoveryPresenter.swift; sourceTree = "<group>"; };
		2995DB96135E7A859458C679 /* UserModuleService.swift */ = {isa = PBXFileReference; includeInIndex = 1; lastKnownFileType = sourcecode.swift; path = UserModuleService.swift; sourceTree = "<group>"; };
		2AA250B2EDE9AF518AD74F33 /* RegistrationDataStore.swift */ = {isa = PBXFileReference; includeInIndex = 1; lastKnownFileType = sourcecode.swift; path = RegistrationDataStore.swift; sourceTree = "<group>"; };
		2CDCDEFA61D134B003F9B38B /* TrainerModuleViewController.swift */ = {isa = PBXFileReference; includeInIndex = 1; lastKnownFileType = sourcecode.swift; path = TrainerModuleViewController.swift; sourceTree = "<group>"; };
		2EEC1355EF24401065B5FA71 /* UserTrainingCalendarService.swift */ = {isa = PBXFileReference; includeInIndex = 1; lastKnownFileType = sourcecode.swift; path = UserTrainingCalendarService.swift; sourceTree = "<group>"; };
		2F971BAC3F2330C52B052A88 /* AuthenticationModuleBuilder.swift */ = {isa = PBXFileReference; includeInIndex = 1; lastKnownFileType = sourcecode.swift; path = AuthenticationModuleBuilder.swift; sourceTree = "<group>"; };
		35A19B4FA09C64F149868282 /* Pods_sportprogramm.framework */ = {isa = PBXFileReference; explicitFileType = wrapper.framework; includeInIndex = 0; path = Pods_sportprogramm.framework; sourceTree = BUILT_PRODUCTS_DIR; };
		37C98F51D1FD3E221A440CA3 /* UserProgrammsModel.swift */ = {isa = PBXFileReference; includeInIndex = 1; lastKnownFileType = sourcecode.swift; path = UserProgrammsModel.swift; sourceTree = "<group>"; };
		380B7E64FCD30DBFF36B3827 /* AuthenticationModuleDataFlow.swift */ = {isa = PBXFileReference; includeInIndex = 1; lastKnownFileType = sourcecode.swift; path = AuthenticationModuleDataFlow.swift; sourceTree = "<group>"; };
		40311FDD41C02E3A2051B6D6 /* AuthenticationModuleModel.swift */ = {isa = PBXFileReference; includeInIndex = 1; lastKnownFileType = sourcecode.swift; path = AuthenticationModuleModel.swift; sourceTree = "<group>"; };
		47E7E5F857952679329BE143 /* Pods_sportprogramm_sportprogrammUITests.framework */ = {isa = PBXFileReference; explicitFileType = wrapper.framework; includeInIndex = 0; path = Pods_sportprogramm_sportprogrammUITests.framework; sourceTree = BUILT_PRODUCTS_DIR; };
		4947A8AA8909A35C74B5C2E7 /* TrainerModuleDataStore.swift */ = {isa = PBXFileReference; includeInIndex = 1; lastKnownFileType = sourcecode.swift; path = TrainerModuleDataStore.swift; sourceTree = "<group>"; };
		49F45E151A7018E4EC2A3B8E /* UserModuleViewController.swift */ = {isa = PBXFileReference; includeInIndex = 1; lastKnownFileType = sourcecode.swift; path = UserModuleViewController.swift; sourceTree = "<group>"; };
		4AA8CD006C06D68A90498150 /* UserTrainingCalendarViewController.swift */ = {isa = PBXFileReference; includeInIndex = 1; lastKnownFileType = sourcecode.swift; path = UserTrainingCalendarViewController.swift; sourceTree = "<group>"; };
		4C30005749C2673EA69F4FC4 /* Pods-sportprogramm-sportprogrammUITests.release.xcconfig */ = {isa = PBXFileReference; includeInIndex = 1; lastKnownFileType = text.xcconfig; name = "Pods-sportprogramm-sportprogrammUITests.release.xcconfig"; path = "Target Support Files/Pods-sportprogramm-sportprogrammUITests/Pods-sportprogramm-sportprogrammUITests.release.xcconfig"; sourceTree = "<group>"; };
		546412060AD3A73FF6403F24 /* RegistrationViewController.swift */ = {isa = PBXFileReference; includeInIndex = 1; lastKnownFileType = sourcecode.swift; path = RegistrationViewController.swift; sourceTree = "<group>"; };
		54C228CEA3F3AEA10DB72447 /* UserTrainingCalendarBuilder.swift */ = {isa = PBXFileReference; includeInIndex = 1; lastKnownFileType = sourcecode.swift; path = UserTrainingCalendarBuilder.swift; sourceTree = "<group>"; };
		57169451E9396B8EB6C06856 /* UserProgrammsView.swift */ = {isa = PBXFileReference; includeInIndex = 1; lastKnownFileType = sourcecode.swift; path = UserProgrammsView.swift; sourceTree = "<group>"; };
		5739D49060B81C5205071B84 /* UserSettingsProvider.swift */ = {isa = PBXFileReference; includeInIndex = 1; lastKnownFileType = sourcecode.swift; path = UserSettingsProvider.swift; sourceTree = "<group>"; };
		5A38A556A30049AE495A3F1B /* PasswordRecoveryProvider.swift */ = {isa = PBXFileReference; includeInIndex = 1; lastKnownFileType = sourcecode.swift; path = PasswordRecoveryProvider.swift; sourceTree = "<group>"; };
		5D55A69365605289FF21D9C1 /* PasswordRecoveryDataFlow.swift */ = {isa = PBXFileReference; includeInIndex = 1; lastKnownFileType = sourcecode.swift; path = PasswordRecoveryDataFlow.swift; sourceTree = "<group>"; };
		5F007B8EAF4451DD0772FFD8 /* UserSettingsInteractor.swift */ = {isa = PBXFileReference; includeInIndex = 1; lastKnownFileType = sourcecode.swift; path = UserSettingsInteractor.swift; sourceTree = "<group>"; };
		610F3D98211648AEA1F722BC /* TrainerModuleModel.swift */ = {isa = PBXFileReference; includeInIndex = 1; lastKnownFileType = sourcecode.swift; path = TrainerModuleModel.swift; sourceTree = "<group>"; };
		647205C82370E7D49252F2CD /* RegistrationService.swift */ = {isa = PBXFileReference; includeInIndex = 1; lastKnownFileType = sourcecode.swift; path = RegistrationService.swift; sourceTree = "<group>"; };
		65A4EEA138BB13990F01C614 /* AuthenticationModuleDataStore.swift */ = {isa = PBXFileReference; includeInIndex = 1; lastKnownFileType = sourcecode.swift; path = AuthenticationModuleDataStore.swift; sourceTree = "<group>"; };
		6CCA08E7E889F02F62F9026D /* UserTrainingCalendarModel.swift */ = {isa = PBXFileReference; includeInIndex = 1; lastKnownFileType = sourcecode.swift; path = UserTrainingCalendarModel.swift; sourceTree = "<group>"; };
		6DD66BC5FA1240536C99FC6E /* Pods-sportprogrammTests.debug.xcconfig */ = {isa = PBXFileReference; includeInIndex = 1; lastKnownFileType = text.xcconfig; name = "Pods-sportprogrammTests.debug.xcconfig"; path = "Target Support Files/Pods-sportprogrammTests/Pods-sportprogrammTests.debug.xcconfig"; sourceTree = "<group>"; };
		710C1DC484750A673891FEF0 /* RegistrationModel.swift */ = {isa = PBXFileReference; includeInIndex = 1; lastKnownFileType = sourcecode.swift; path = RegistrationModel.swift; sourceTree = "<group>"; };
		755BAFF617AAA7FF9B0F983A /* PasswordRecoveryDataStore.swift */ = {isa = PBXFileReference; includeInIndex = 1; lastKnownFileType = sourcecode.swift; path = PasswordRecoveryDataStore.swift; sourceTree = "<group>"; };
		78E746DAE90DC17290945CBF /* Pods-sportprogramm.release.xcconfig */ = {isa = PBXFileReference; includeInIndex = 1; lastKnownFileType = text.xcconfig; name = "Pods-sportprogramm.release.xcconfig"; path = "Target Support Files/Pods-sportprogramm/Pods-sportprogramm.release.xcconfig"; sourceTree = "<group>"; };
		7D12D935EB76D2101DBD652C /* UserProgrammsPresenter.swift */ = {isa = PBXFileReference; includeInIndex = 1; lastKnownFileType = sourcecode.swift; path = UserProgrammsPresenter.swift; sourceTree = "<group>"; };
		8400555AAF480FB8029EBD4C /* UserSettingsViewController.swift */ = {isa = PBXFileReference; includeInIndex = 1; lastKnownFileType = sourcecode.swift; path = UserSettingsViewController.swift; sourceTree = "<group>"; };
		862DC6304C95BA261942A085 /* TrainerModuleInteractor.swift */ = {isa = PBXFileReference; includeInIndex = 1; lastKnownFileType = sourcecode.swift; path = TrainerModuleInteractor.swift; sourceTree = "<group>"; };
		8CC5315C1557F2DB20A39FFF /* TrainerModuleView.swift */ = {isa = PBXFileReference; includeInIndex = 1; lastKnownFileType = sourcecode.swift; path = TrainerModuleView.swift; sourceTree = "<group>"; };
		97F26102C211A5A05690A4F9 /* UserProgrammsService.swift */ = {isa = PBXFileReference; includeInIndex = 1; lastKnownFileType = sourcecode.swift; path = UserProgrammsService.swift; sourceTree = "<group>"; };
		A1D5D0E7BA36D52E42720D09 /* UserSettingsBuilder.swift */ = {isa = PBXFileReference; includeInIndex = 1; lastKnownFileType = sourcecode.swift; path = UserSettingsBuilder.swift; sourceTree = "<group>"; };
		A3F5528899C8FA092635342E /* Pods_sportprogrammTests.framework */ = {isa = PBXFileReference; explicitFileType = wrapper.framework; includeInIndex = 0; path = Pods_sportprogrammTests.framework; sourceTree = BUILT_PRODUCTS_DIR; };
		A651260C897C2FEBF263A6AE /* AuthenticationModuleService.swift */ = {isa = PBXFileReference; includeInIndex = 1; lastKnownFileType = sourcecode.swift; path = AuthenticationModuleService.swift; sourceTree = "<group>"; };
		A68F3DA3662E0D55993EDD2B /* UserModuleDataStore.swift */ = {isa = PBXFileReference; includeInIndex = 1; lastKnownFileType = sourcecode.swift; path = UserModuleDataStore.swift; sourceTree = "<group>"; };
		A83061D9C4E7ABB8F6218990 /* Pods-sportprogramm-sportprogrammUITests.debug.xcconfig */ = {isa = PBXFileReference; includeInIndex = 1; lastKnownFileType = text.xcconfig; name = "Pods-sportprogramm-sportprogrammUITests.debug.xcconfig"; path = "Target Support Files/Pods-sportprogramm-sportprogrammUITests/Pods-sportprogramm-sportprogrammUITests.debug.xcconfig"; sourceTree = "<group>"; };
		A8E8CD3993D7C97427A498CE /* UserModuleModel.swift */ = {isa = PBXFileReference; includeInIndex = 1; lastKnownFileType = sourcecode.swift; path = UserModuleModel.swift; sourceTree = "<group>"; };
		AAFE377D61C9183E1099AD15 /* UserModuleBuilder.swift */ = {isa = PBXFileReference; includeInIndex = 1; lastKnownFileType = sourcecode.swift; path = UserModuleBuilder.swift; sourceTree = "<group>"; };
		ABFE5509DA3DDAE9FE3571E8 /* AuthenticationModuleView.swift */ = {isa = PBXFileReference; includeInIndex = 1; lastKnownFileType = sourcecode.swift; path = AuthenticationModuleView.swift; sourceTree = "<group>"; };
		AE6259D01F238583683EDE1D /* UserModuleDataFlow.swift */ = {isa = PBXFileReference; includeInIndex = 1; lastKnownFileType = sourcecode.swift; path = UserModuleDataFlow.swift; sourceTree = "<group>"; };
		B17DF2842B4510C230B4C7C6 /* RegistrationDataFlow.swift */ = {isa = PBXFileReference; includeInIndex = 1; lastKnownFileType = sourcecode.swift; path = RegistrationDataFlow.swift; sourceTree = "<group>"; };
		B192B5781A5571A6AB6458CA /* Pods-sportprogrammTests.release.xcconfig */ = {isa = PBXFileReference; includeInIndex = 1; lastKnownFileType = text.xcconfig; name = "Pods-sportprogrammTests.release.xcconfig"; path = "Target Support Files/Pods-sportprogrammTests/Pods-sportprogrammTests.release.xcconfig"; sourceTree = "<group>"; };
		B506AFC76A39822185526340 /* UserTrainingCalendarPresenter.swift */ = {isa = PBXFileReference; includeInIndex = 1; lastKnownFileType = sourcecode.swift; path = UserTrainingCalendarPresenter.swift; sourceTree = "<group>"; };
		B707BB42FAD7D5C561A6E357 /* UserSettingsDataFlow.swift */ = {isa = PBXFileReference; includeInIndex = 1; lastKnownFileType = sourcecode.swift; path = UserSettingsDataFlow.swift; sourceTree = "<group>"; };
		B7D5E8CBF30047E0C779A513 /* UserModuleInteractor.swift */ = {isa = PBXFileReference; includeInIndex = 1; lastKnownFileType = sourcecode.swift; path = UserModuleInteractor.swift; sourceTree = "<group>"; };
		B8FE8226BF5641FBE811E478 /* UserSettingsPresenter.swift */ = {isa = PBXFileReference; includeInIndex = 1; lastKnownFileType = sourcecode.swift; path = UserSettingsPresenter.swift; sourceTree = "<group>"; };
		BB7F32D3892DC7937BF2B290 /* PasswordRecoveryService.swift */ = {isa = PBXFileReference; includeInIndex = 1; lastKnownFileType = sourcecode.swift; path = PasswordRecoveryService.swift; sourceTree = "<group>"; };
		C41D9D046500CA7FFA4F5D8A /* UserModuleProvider.swift */ = {isa = PBXFileReference; includeInIndex = 1; lastKnownFileType = sourcecode.swift; path = UserModuleProvider.swift; sourceTree = "<group>"; };
		C65687F656F3ABD600603CA2 /* UserProgrammsBuilder.swift */ = {isa = PBXFileReference; includeInIndex = 1; lastKnownFileType = sourcecode.swift; path = UserProgrammsBuilder.swift; sourceTree = "<group>"; };
		C981F6AC5C217271AE8F4156 /* AuthenticationModuleViewController.swift */ = {isa = PBXFileReference; includeInIndex = 1; lastKnownFileType = sourcecode.swift; path = AuthenticationModuleViewController.swift; sourceTree = "<group>"; };
		CBE8F33C6D1C486E702F4870 /* TrainerModulePresenter.swift */ = {isa = PBXFileReference; includeInIndex = 1; lastKnownFileType = sourcecode.swift; path = TrainerModulePresenter.swift; sourceTree = "<group>"; };
		CE13564639B2D5667D0B2AD2 /* UserModuleView.swift */ = {isa = PBXFileReference; includeInIndex = 1; lastKnownFileType = sourcecode.swift; path = UserModuleView.swift; sourceTree = "<group>"; };
		D66861AC255009A000FC8219 /* GoogleService-Info.plist */ = {isa = PBXFileReference; fileEncoding = 4; lastKnownFileType = text.plist.xml; name = "GoogleService-Info.plist"; path = "../../../../Downloads/GoogleService-Info.plist"; sourceTree = "<group>"; };
		D66861B2255052A400FC8219 /* Tables.swift */ = {isa = PBXFileReference; lastKnownFileType = sourcecode.swift; path = Tables.swift; sourceTree = "<group>"; };
		D66861B525555C4400FC8219 /* SF-Pro-Display-Bold.otf */ = {isa = PBXFileReference; lastKnownFileType = file; name = "SF-Pro-Display-Bold.otf"; path = "../../../Downloads/SF-Pro-Display-Bold.otf"; sourceTree = "<group>"; };
		D66861B725555C9D00FC8219 /* SF-Pro-Text-Regular.otf */ = {isa = PBXFileReference; lastKnownFileType = file; name = "SF-Pro-Text-Regular.otf"; path = "../../../Downloads/SF-Pro-Text-Regular.otf"; sourceTree = "<group>"; };
		D66861B9255993FF00FC8219 /* UITapGestureRec+didTapAttrText.swift */ = {isa = PBXFileReference; lastKnownFileType = sourcecode.swift; path = "UITapGestureRec+didTapAttrText.swift"; sourceTree = "<group>"; };
		D670AF982577D6BD000BB237 /* UserProgrammsTableViewCell.swift */ = {isa = PBXFileReference; lastKnownFileType = sourcecode.swift; path = UserProgrammsTableViewCell.swift; sourceTree = "<group>"; };
		D67D7CF125AC5CF3005B2920 /* UserProgrammsDataSource.swift */ = {isa = PBXFileReference; lastKnownFileType = sourcecode.swift; path = UserProgrammsDataSource.swift; sourceTree = "<group>"; };
		D67D7CF325AC690E005B2920 /* UserProgrammsDelegate.swift */ = {isa = PBXFileReference; lastKnownFileType = sourcecode.swift; path = UserProgrammsDelegate.swift; sourceTree = "<group>"; };
		D67D7CF525AC6949005B2920 /* ViewControllerDelegateProtocol.swift */ = {isa = PBXFileReference; lastKnownFileType = sourcecode.swift; path = ViewControllerDelegateProtocol.swift; sourceTree = "<group>"; };
		D6C103B7258CAFEE000B05F2 /* HorizontalFlowWeekdayCell.swift */ = {isa = PBXFileReference; lastKnownFileType = sourcecode.swift; path = HorizontalFlowWeekdayCell.swift; sourceTree = "<group>"; };
		D6C103B9258CB015000B05F2 /* CustomNavBar.swift */ = {isa = PBXFileReference; lastKnownFileType = sourcecode.swift; path = CustomNavBar.swift; sourceTree = "<group>"; };
		D6C103BC258CB0FF000B05F2 /* DailyTrainingCell.swift */ = {isa = PBXFileReference; lastKnownFileType = sourcecode.swift; path = DailyTrainingCell.swift; sourceTree = "<group>"; };
		D6C1040C25960645000B05F2 /* MockData.swift */ = {isa = PBXFileReference; lastKnownFileType = sourcecode.swift; path = MockData.swift; sourceTree = "<group>"; };
		D6C1040F2599EA90000B05F2 /* UserDetailedTrainingBuilder.swift */ = {isa = PBXFileReference; lastKnownFileType = sourcecode.swift; path = UserDetailedTrainingBuilder.swift; sourceTree = "<group>"; };
		D6C104112599EA9E000B05F2 /* UserDetailedTrainingPresenter.swift */ = {isa = PBXFileReference; lastKnownFileType = sourcecode.swift; path = UserDetailedTrainingPresenter.swift; sourceTree = "<group>"; };
		D6C104132599EAB0000B05F2 /* UserDetailedTrainingModel.swift */ = {isa = PBXFileReference; lastKnownFileType = sourcecode.swift; path = UserDetailedTrainingModel.swift; sourceTree = "<group>"; };
		D6C104152599EACD000B05F2 /* UserDetailedTrainingViewController.swift */ = {isa = PBXFileReference; lastKnownFileType = sourcecode.swift; path = UserDetailedTrainingViewController.swift; sourceTree = "<group>"; };
		D6C104172599EADF000B05F2 /* UserDetailedTrainingView.swift */ = {isa = PBXFileReference; lastKnownFileType = sourcecode.swift; path = UserDetailedTrainingView.swift; sourceTree = "<group>"; };
		D6D772722588DEF000AA476F /* DetailedProgrammPresenter.swift */ = {isa = PBXFileReference; lastKnownFileType = sourcecode.swift; path = DetailedProgrammPresenter.swift; sourceTree = "<group>"; };
		D6D772742588E05A00AA476F /* DetailedProgrammViewController.swift */ = {isa = PBXFileReference; lastKnownFileType = sourcecode.swift; path = DetailedProgrammViewController.swift; sourceTree = "<group>"; };
		D6D772762588E08D00AA476F /* DetailedProgrammView.swift */ = {isa = PBXFileReference; lastKnownFileType = sourcecode.swift; path = DetailedProgrammView.swift; sourceTree = "<group>"; };
		D6D772782588E28D00AA476F /* DetailedProgrammBuilder.swift */ = {isa = PBXFileReference; lastKnownFileType = sourcecode.swift; path = DetailedProgrammBuilder.swift; sourceTree = "<group>"; };
		D6FEB946253B7048003085F9 /* sportprogramm.app */ = {isa = PBXFileReference; explicitFileType = wrapper.application; includeInIndex = 0; path = sportprogramm.app; sourceTree = BUILT_PRODUCTS_DIR; };
		D6FEB949253B7048003085F9 /* AppDelegate.swift */ = {isa = PBXFileReference; lastKnownFileType = sourcecode.swift; path = AppDelegate.swift; sourceTree = "<group>"; };
		D6FEB94B253B7048003085F9 /* SceneDelegate.swift */ = {isa = PBXFileReference; lastKnownFileType = sourcecode.swift; path = SceneDelegate.swift; sourceTree = "<group>"; };
		D6FEB952253B704A003085F9 /* Assets.xcassets */ = {isa = PBXFileReference; lastKnownFileType = folder.assetcatalog; path = Assets.xcassets; sourceTree = "<group>"; };
		D6FEB955253B704A003085F9 /* Base */ = {isa = PBXFileReference; lastKnownFileType = file.storyboard; name = Base; path = Base.lproj/LaunchScreen.storyboard; sourceTree = "<group>"; };
		D6FEB957253B704A003085F9 /* Info.plist */ = {isa = PBXFileReference; lastKnownFileType = text.plist.xml; path = Info.plist; sourceTree = "<group>"; };
		D6FEB95C253B704B003085F9 /* sportprogrammTests.xctest */ = {isa = PBXFileReference; explicitFileType = wrapper.cfbundle; includeInIndex = 0; path = sportprogrammTests.xctest; sourceTree = BUILT_PRODUCTS_DIR; };
		D6FEB960253B704B003085F9 /* sportprogrammTests.swift */ = {isa = PBXFileReference; lastKnownFileType = sourcecode.swift; path = sportprogrammTests.swift; sourceTree = "<group>"; };
		D6FEB962253B704B003085F9 /* Info.plist */ = {isa = PBXFileReference; lastKnownFileType = text.plist.xml; path = Info.plist; sourceTree = "<group>"; };
		D6FEB967253B704B003085F9 /* sportprogrammUITests.xctest */ = {isa = PBXFileReference; explicitFileType = wrapper.cfbundle; includeInIndex = 0; path = sportprogrammUITests.xctest; sourceTree = BUILT_PRODUCTS_DIR; };
		D6FEB96B253B704B003085F9 /* sportprogrammUITests.swift */ = {isa = PBXFileReference; lastKnownFileType = sourcecode.swift; path = sportprogrammUITests.swift; sourceTree = "<group>"; };
		D6FEB96D253B704B003085F9 /* Info.plist */ = {isa = PBXFileReference; lastKnownFileType = text.plist.xml; path = Info.plist; sourceTree = "<group>"; };
		D6FEB989253B7B0F003085F9 /* SF-Compact-Rounded-Semibold.otf */ = {isa = PBXFileReference; lastKnownFileType = file; path = "SF-Compact-Rounded-Semibold.otf"; sourceTree = "<group>"; };
		D6FEB98A253B7B0F003085F9 /* SF-Compact-Rounded-Ultralight.otf */ = {isa = PBXFileReference; lastKnownFileType = file; path = "SF-Compact-Rounded-Ultralight.otf"; sourceTree = "<group>"; };
		D6FEB98B253B7B0F003085F9 /* SF-Compact-Rounded-Thin.otf */ = {isa = PBXFileReference; lastKnownFileType = file; path = "SF-Compact-Rounded-Thin.otf"; sourceTree = "<group>"; };
		D6FEB98C253B7B0F003085F9 /* SF-Compact-Rounded-Black.otf */ = {isa = PBXFileReference; lastKnownFileType = file; path = "SF-Compact-Rounded-Black.otf"; sourceTree = "<group>"; };
		D6FEB98D253B7B0F003085F9 /* SF-Compact-Rounded-Light.otf */ = {isa = PBXFileReference; lastKnownFileType = file; path = "SF-Compact-Rounded-Light.otf"; sourceTree = "<group>"; };
		D6FEB98E253B7B0F003085F9 /* SF-Compact-Rounded-Bold.otf */ = {isa = PBXFileReference; lastKnownFileType = file; path = "SF-Compact-Rounded-Bold.otf"; sourceTree = "<group>"; };
		D6FEB98F253B7B10003085F9 /* SF-Compact-Rounded-Heavy.otf */ = {isa = PBXFileReference; lastKnownFileType = file; path = "SF-Compact-Rounded-Heavy.otf"; sourceTree = "<group>"; };
		D6FEB990253B7B10003085F9 /* SF-Compact-Rounded-Medium.otf */ = {isa = PBXFileReference; lastKnownFileType = file; path = "SF-Compact-Rounded-Medium.otf"; sourceTree = "<group>"; };
		D6FEB991253B7B10003085F9 /* SF-Compact-Rounded-Regular.otf */ = {isa = PBXFileReference; lastKnownFileType = file; path = "SF-Compact-Rounded-Regular.otf"; sourceTree = "<group>"; };
		D74A19C0B2E4913A3F5B8FC0 /* TrainerModuleBuilder.swift */ = {isa = PBXFileReference; includeInIndex = 1; lastKnownFileType = sourcecode.swift; path = TrainerModuleBuilder.swift; sourceTree = "<group>"; };
		D77209554CBC633403953558 /* Pods-sportprogramm.debug.xcconfig */ = {isa = PBXFileReference; includeInIndex = 1; lastKnownFileType = text.xcconfig; name = "Pods-sportprogramm.debug.xcconfig"; path = "Target Support Files/Pods-sportprogramm/Pods-sportprogramm.debug.xcconfig"; sourceTree = "<group>"; };
		D7B634D2111F2D4D28608792 /* UserProgrammsViewController.swift */ = {isa = PBXFileReference; includeInIndex = 1; lastKnownFileType = sourcecode.swift; path = UserProgrammsViewController.swift; sourceTree = "<group>"; };
		D8A1C74389037466BDD87213 /* UserTrainingCalendarView.swift */ = {isa = PBXFileReference; includeInIndex = 1; lastKnownFileType = sourcecode.swift; path = UserTrainingCalendarView.swift; sourceTree = "<group>"; };
		DD14E7D9C23823F0C8F8D430 /* AuthenticationModuleProvider.swift */ = {isa = PBXFileReference; includeInIndex = 1; lastKnownFileType = sourcecode.swift; path = AuthenticationModuleProvider.swift; sourceTree = "<group>"; };
		DE8ABF39C76996261D477B7A /* RegistrationProvider.swift */ = {isa = PBXFileReference; includeInIndex = 1; lastKnownFileType = sourcecode.swift; path = RegistrationProvider.swift; sourceTree = "<group>"; };
		DF6C2BC446EB0C1E1B926550 /* UserSettingsService.swift */ = {isa = PBXFileReference; includeInIndex = 1; lastKnownFileType = sourcecode.swift; path = UserSettingsService.swift; sourceTree = "<group>"; };
		E19EB632B445864AC56064D0 /* UserModulePresenter.swift */ = {isa = PBXFileReference; includeInIndex = 1; lastKnownFileType = sourcecode.swift; path = UserModulePresenter.swift; sourceTree = "<group>"; };
		E43D0C15774DF5AF39E26590 /* RegistrationView.swift */ = {isa = PBXFileReference; includeInIndex = 1; lastKnownFileType = sourcecode.swift; path = RegistrationView.swift; sourceTree = "<group>"; };
		E90AFABA39DAF669F71BF4A3 /* PasswordRecoveryView.swift */ = {isa = PBXFileReference; includeInIndex = 1; lastKnownFileType = sourcecode.swift; path = PasswordRecoveryView.swift; sourceTree = "<group>"; };
		EE340C3E34D1BFAA666DCCBC /* AuthenticationModuleInteractor.swift */ = {isa = PBXFileReference; includeInIndex = 1; lastKnownFileType = sourcecode.swift; path = AuthenticationModuleInteractor.swift; sourceTree = "<group>"; };
		F54C5DEB7C15680B4A6DE356 /* AuthenticationModulePresenter.swift */ = {isa = PBXFileReference; includeInIndex = 1; lastKnownFileType = sourcecode.swift; path = AuthenticationModulePresenter.swift; sourceTree = "<group>"; };
		F635333B0C757FFA4D46864E /* UserSettingsModel.swift */ = {isa = PBXFileReference; includeInIndex = 1; lastKnownFileType = sourcecode.swift; path = UserSettingsModel.swift; sourceTree = "<group>"; };
		FBEE7756FA7D2C5CF81A9BAE /* UserSettingsDataStore.swift */ = {isa = PBXFileReference; includeInIndex = 1; lastKnownFileType = sourcecode.swift; path = UserSettingsDataStore.swift; sourceTree = "<group>"; };
		FC99010D20F127FEF5545FB4 /* PasswordRecoveryInteractor.swift */ = {isa = PBXFileReference; includeInIndex = 1; lastKnownFileType = sourcecode.swift; path = PasswordRecoveryInteractor.swift; sourceTree = "<group>"; };
		FD467A11AD6A5CC40DF08D3C /* RegistrationInteractor.swift */ = {isa = PBXFileReference; includeInIndex = 1; lastKnownFileType = sourcecode.swift; path = RegistrationInteractor.swift; sourceTree = "<group>"; };
/* End PBXFileReference section */

/* Begin PBXFrameworksBuildPhase section */
		D6FEB943253B7048003085F9 /* Frameworks */ = {
			isa = PBXFrameworksBuildPhase;
			buildActionMask = 2147483647;
			files = (
				526DC687D0BC420391581571 /* Pods_sportprogramm.framework in Frameworks */,
			);
			runOnlyForDeploymentPostprocessing = 0;
		};
		D6FEB959253B704B003085F9 /* Frameworks */ = {
			isa = PBXFrameworksBuildPhase;
			buildActionMask = 2147483647;
			files = (
				41616779C423B637A064C19B /* Pods_sportprogrammTests.framework in Frameworks */,
			);
			runOnlyForDeploymentPostprocessing = 0;
		};
		D6FEB964253B704B003085F9 /* Frameworks */ = {
			isa = PBXFrameworksBuildPhase;
			buildActionMask = 2147483647;
			files = (
				41A6D4CEDAEFB8CEC0A08BF0 /* Pods_sportprogramm_sportprogrammUITests.framework in Frameworks */,
			);
			runOnlyForDeploymentPostprocessing = 0;
		};
/* End PBXFrameworksBuildPhase section */

/* Begin PBXGroup section */
		0312C6743211ADBD7DFAEDD5 /* View */ = {
			isa = PBXGroup;
			children = (
				8CC5315C1557F2DB20A39FFF /* TrainerModuleView.swift */,
			);
			path = View;
			sourceTree = "<group>";
		};
		073D9D789E9D7F9505A0936C /* View */ = {
			isa = PBXGroup;
			children = (
				4AA8CD006C06D68A90498150 /* UserTrainingCalendarViewController.swift */,
				D8A1C74389037466BDD87213 /* UserTrainingCalendarView.swift */,
			);
			path = View;
			sourceTree = "<group>";
		};
		0E472AFCD5C354B8E5AA8239 /* View */ = {
			isa = PBXGroup;
			children = (
				25E03266CA20DC4CAED93C6E /* UserSettingsView.swift */,
			);
			path = View;
			sourceTree = "<group>";
		};
		0E5E0780DECFAEA5FB04C4DB /* Frameworks */ = {
			isa = PBXGroup;
			children = (
				35A19B4FA09C64F149868282 /* Pods_sportprogramm.framework */,
				47E7E5F857952679329BE143 /* Pods_sportprogramm_sportprogrammUITests.framework */,
				A3F5528899C8FA092635342E /* Pods_sportprogrammTests.framework */,
			);
			name = Frameworks;
			sourceTree = "<group>";
		};
		1CF80C2C4DCCA8A766074901 /* Provider */ = {
			isa = PBXGroup;
			children = (
				C41D9D046500CA7FFA4F5D8A /* UserModuleProvider.swift */,
				A68F3DA3662E0D55993EDD2B /* UserModuleDataStore.swift */,
				2995DB96135E7A859458C679 /* UserModuleService.swift */,
			);
			path = Provider;
			sourceTree = "<group>";
		};
		1ED5A643B8ACCDAA364AEC1B /* Provider */ = {
			isa = PBXGroup;
			children = (
				DD14E7D9C23823F0C8F8D430 /* AuthenticationModuleProvider.swift */,
				65A4EEA138BB13990F01C614 /* AuthenticationModuleDataStore.swift */,
				A651260C897C2FEBF263A6AE /* AuthenticationModuleService.swift */,
			);
			path = Provider;
			sourceTree = "<group>";
		};
		20571457FB74B650E4990428 /* Provider */ = {
			isa = PBXGroup;
			children = (
				17CABB74D1DFA3B88B0C093E /* TrainerModuleProvider.swift */,
				4947A8AA8909A35C74B5C2E7 /* TrainerModuleDataStore.swift */,
				025BD2369D9638EB30236E00 /* TrainerModuleService.swift */,
			);
			path = Provider;
			sourceTree = "<group>";
		};
		344647EC49AE5A0A0494B8C3 /* Model */ = {
			isa = PBXGroup;
			children = (
				610F3D98211648AEA1F722BC /* TrainerModuleModel.swift */,
			);
			path = Model;
			sourceTree = "<group>";
		};
		360D4517C2D275DD3A155A5E /* View */ = {
			isa = PBXGroup;
			children = (
				E90AFABA39DAF669F71BF4A3 /* PasswordRecoveryView.swift */,
			);
			path = View;
			sourceTree = "<group>";
		};
		3E1485F24F219B3ACA0F0AA7 /* Model */ = {
			isa = PBXGroup;
			children = (
				710C1DC484750A673891FEF0 /* RegistrationModel.swift */,
			);
			path = Model;
			sourceTree = "<group>";
		};
		4F082C3E0E3CD442CF0A038D /* View */ = {
			isa = PBXGroup;
			children = (
				D67D7CF125AC5CF3005B2920 /* UserProgrammsDataSource.swift */,
				D67D7CF325AC690E005B2920 /* UserProgrammsDelegate.swift */,
				D67D7CF525AC6949005B2920 /* ViewControllerDelegateProtocol.swift */,
				D7B634D2111F2D4D28608792 /* UserProgrammsViewController.swift */,
				57169451E9396B8EB6C06856 /* UserProgrammsView.swift */,
				D670AF982577D6BD000BB237 /* UserProgrammsTableViewCell.swift */,
			);
			path = View;
			sourceTree = "<group>";
		};
		62A629ABBDE359B37191F1F6 /* UserModule */ = {
			isa = PBXGroup;
			children = (
				D6C1040E2599EA4F000B05F2 /* UserDetailedTraining */,
				E6D57D79056A7A04E29F90AC /* UserProgramms */,
				BF1FC805C6A1B02D31658049 /* UserTrainingCalendar */,
				EB2B4E1BC6457A32746213F4 /* UserSettings */,
				AAFE377D61C9183E1099AD15 /* UserModuleBuilder.swift */,
				49F45E151A7018E4EC2A3B8E /* UserModuleViewController.swift */,
				B7D5E8CBF30047E0C779A513 /* UserModuleInteractor.swift */,
				E19EB632B445864AC56064D0 /* UserModulePresenter.swift */,
				AE6259D01F238583683EDE1D /* UserModuleDataFlow.swift */,
				E5BECD2BAA44CFD7223482B6 /* Model */,
				1CF80C2C4DCCA8A766074901 /* Provider */,
				630855DD7F830C0C2F392B24 /* View */,
			);
			path = UserModule;
			sourceTree = "<group>";
		};
		630855DD7F830C0C2F392B24 /* View */ = {
			isa = PBXGroup;
			children = (
				CE13564639B2D5667D0B2AD2 /* UserModuleView.swift */,
			);
			path = View;
			sourceTree = "<group>";
		};
		6F32D19A339EFA4FBA345923 /* Provider */ = {
			isa = PBXGroup;
			children = (
				5739D49060B81C5205071B84 /* UserSettingsProvider.swift */,
				FBEE7756FA7D2C5CF81A9BAE /* UserSettingsDataStore.swift */,
				DF6C2BC446EB0C1E1B926550 /* UserSettingsService.swift */,
			);
			path = Provider;
			sourceTree = "<group>";
		};
		6F55F41E908C37DAAFFC9330 /* Model */ = {
			isa = PBXGroup;
			children = (
				6CCA08E7E889F02F62F9026D /* UserTrainingCalendarModel.swift */,
			);
			path = Model;
			sourceTree = "<group>";
		};
		7721EE238117E8DBCC4D5B94 /* Model */ = {
			isa = PBXGroup;
			children = (
				40311FDD41C02E3A2051B6D6 /* AuthenticationModuleModel.swift */,
			);
			path = Model;
			sourceTree = "<group>";
		};
		96E012759811DCC56BFC1770 /* PasswordRecovery */ = {
			isa = PBXGroup;
			children = (
				17851B7A4727B802B2523073 /* PasswordRecoveryBuilder.swift */,
				174B2037C70170DBA4320D79 /* PasswordRecoveryViewController.swift */,
				FC99010D20F127FEF5545FB4 /* PasswordRecoveryInteractor.swift */,
				2857A23EDD0FB71FD69D8E1D /* PasswordRecoveryPresenter.swift */,
				5D55A69365605289FF21D9C1 /* PasswordRecoveryDataFlow.swift */,
				9BA18D4B8449ED5A007775EA /* Model */,
				F159D5EF856860F428DE9682 /* Provider */,
				360D4517C2D275DD3A155A5E /* View */,
			);
			path = PasswordRecovery;
			sourceTree = "<group>";
		};
		99A49EEE5DF0ECF171918465 /* View */ = {
			isa = PBXGroup;
			children = (
				E43D0C15774DF5AF39E26590 /* RegistrationView.swift */,
			);
			path = View;
			sourceTree = "<group>";
		};
		9AB5D200CEF7ADBD37C9451D /* Provider */ = {
			isa = PBXGroup;
			children = (
				DE8ABF39C76996261D477B7A /* RegistrationProvider.swift */,
				2AA250B2EDE9AF518AD74F33 /* RegistrationDataStore.swift */,
				647205C82370E7D49252F2CD /* RegistrationService.swift */,
			);
			path = Provider;
			sourceTree = "<group>";
		};
		9BA18D4B8449ED5A007775EA /* Model */ = {
			isa = PBXGroup;
			children = (
				1498092BDE80062C12EA926D /* PasswordRecoveryModel.swift */,
			);
			path = Model;
			sourceTree = "<group>";
		};
		9BE5ED040DB41D4B99E48CD2 /* View */ = {
			isa = PBXGroup;
			children = (
				ABFE5509DA3DDAE9FE3571E8 /* AuthenticationModuleView.swift */,
			);
			path = View;
			sourceTree = "<group>";
		};
		9DAD8EED30B9596AEEAE63F0 /* AuthenticationModule */ = {
			isa = PBXGroup;
			children = (
				96E012759811DCC56BFC1770 /* PasswordRecovery */,
				D4080EDAFF613BCA39BD3420 /* Registration */,
				D66861B4255550A500FC8219 /* Entry */,
			);
			path = AuthenticationModule;
			sourceTree = "<group>";
		};
		A28AA1F8D64CDF6DE154F5DF /* Pods */ = {
			isa = PBXGroup;
			children = (
				D77209554CBC633403953558 /* Pods-sportprogramm.debug.xcconfig */,
				78E746DAE90DC17290945CBF /* Pods-sportprogramm.release.xcconfig */,
				A83061D9C4E7ABB8F6218990 /* Pods-sportprogramm-sportprogrammUITests.debug.xcconfig */,
				4C30005749C2673EA69F4FC4 /* Pods-sportprogramm-sportprogrammUITests.release.xcconfig */,
				6DD66BC5FA1240536C99FC6E /* Pods-sportprogrammTests.debug.xcconfig */,
				B192B5781A5571A6AB6458CA /* Pods-sportprogrammTests.release.xcconfig */,
			);
			path = Pods;
			sourceTree = "<group>";
		};
		BF1FC805C6A1B02D31658049 /* UserTrainingCalendar */ = {
			isa = PBXGroup;
			children = (
				54C228CEA3F3AEA10DB72447 /* UserTrainingCalendarBuilder.swift */,
				B506AFC76A39822185526340 /* UserTrainingCalendarPresenter.swift */,
				2EEC1355EF24401065B5FA71 /* UserTrainingCalendarService.swift */,
				6F55F41E908C37DAAFFC9330 /* Model */,
				073D9D789E9D7F9505A0936C /* View */,
			);
			path = UserTrainingCalendar;
			sourceTree = "<group>";
		};
		D4080EDAFF613BCA39BD3420 /* Registration */ = {
			isa = PBXGroup;
			children = (
				15B3D10129657B3777FF91A9 /* RegistrationBuilder.swift */,
				546412060AD3A73FF6403F24 /* RegistrationViewController.swift */,
				FD467A11AD6A5CC40DF08D3C /* RegistrationInteractor.swift */,
				0C2096C23491E088C861670B /* RegistrationPresenter.swift */,
				B17DF2842B4510C230B4C7C6 /* RegistrationDataFlow.swift */,
				3E1485F24F219B3ACA0F0AA7 /* Model */,
				9AB5D200CEF7ADBD37C9451D /* Provider */,
				99A49EEE5DF0ECF171918465 /* View */,
			);
			path = Registration;
			sourceTree = "<group>";
		};
		D5462DFE28D522E01B65BA30 /* Model */ = {
			isa = PBXGroup;
			children = (
				37C98F51D1FD3E221A440CA3 /* UserProgrammsModel.swift */,
			);
			path = Model;
			sourceTree = "<group>";
		};
		D66861A925488BA100FC8219 /* TrainerModule */ = {
			isa = PBXGroup;
			children = (
				D74A19C0B2E4913A3F5B8FC0 /* TrainerModuleBuilder.swift */,
				2CDCDEFA61D134B003F9B38B /* TrainerModuleViewController.swift */,
				862DC6304C95BA261942A085 /* TrainerModuleInteractor.swift */,
				CBE8F33C6D1C486E702F4870 /* TrainerModulePresenter.swift */,
				070E770051843B932686F480 /* TrainerModuleDataFlow.swift */,
				344647EC49AE5A0A0494B8C3 /* Model */,
				20571457FB74B650E4990428 /* Provider */,
				0312C6743211ADBD7DFAEDD5 /* View */,
			);
			path = TrainerModule;
			sourceTree = "<group>";
		};
		D66861AB254891D200FC8219 /* Sources */ = {
			isa = PBXGroup;
			children = (
				D6FEB949253B7048003085F9 /* AppDelegate.swift */,
				D6FEB94B253B7048003085F9 /* SceneDelegate.swift */,
				D6FEB952253B704A003085F9 /* Assets.xcassets */,
				D6FEB954253B704A003085F9 /* LaunchScreen.storyboard */,
				D6FEB957253B704A003085F9 /* Info.plist */,
				D66861AC255009A000FC8219 /* GoogleService-Info.plist */,
				D66861B2255052A400FC8219 /* Tables.swift */,
				D66861B9255993FF00FC8219 /* UITapGestureRec+didTapAttrText.swift */,
			);
			path = Sources;
			sourceTree = "<group>";
		};
		D66861B4255550A500FC8219 /* Entry */ = {
			isa = PBXGroup;
			children = (
				2F971BAC3F2330C52B052A88 /* AuthenticationModuleBuilder.swift */,
				C981F6AC5C217271AE8F4156 /* AuthenticationModuleViewController.swift */,
				EE340C3E34D1BFAA666DCCBC /* AuthenticationModuleInteractor.swift */,
				F54C5DEB7C15680B4A6DE356 /* AuthenticationModulePresenter.swift */,
				380B7E64FCD30DBFF36B3827 /* AuthenticationModuleDataFlow.swift */,
				7721EE238117E8DBCC4D5B94 /* Model */,
				1ED5A643B8ACCDAA364AEC1B /* Provider */,
				9BE5ED040DB41D4B99E48CD2 /* View */,
			);
			path = Entry;
			sourceTree = "<group>";
		};
		D6C103BB258CB080000B05F2 /* CustomViews */ = {
			isa = PBXGroup;
			children = (
				D6C103B7258CAFEE000B05F2 /* HorizontalFlowWeekdayCell.swift */,
				D6C103B9258CB015000B05F2 /* CustomNavBar.swift */,
				D6C103BC258CB0FF000B05F2 /* DailyTrainingCell.swift */,
			);
			path = CustomViews;
			sourceTree = "<group>";
		};
		D6C1040E2599EA4F000B05F2 /* UserDetailedTraining */ = {
			isa = PBXGroup;
			children = (
				D6C1040F2599EA90000B05F2 /* UserDetailedTrainingBuilder.swift */,
				D6C104112599EA9E000B05F2 /* UserDetailedTrainingPresenter.swift */,
				D6C104132599EAB0000B05F2 /* UserDetailedTrainingModel.swift */,
				D6C104152599EACD000B05F2 /* UserDetailedTrainingViewController.swift */,
				D6C104172599EADF000B05F2 /* UserDetailedTrainingView.swift */,
			);
			path = UserDetailedTraining;
			sourceTree = "<group>";
		};
		D6D7726C2588DE5100AA476F /* DetailedProgramm */ = {
			isa = PBXGroup;
			children = (
				D6D772782588E28D00AA476F /* DetailedProgrammBuilder.swift */,
				D6D772712588DEC200AA476F /* Presenter */,
				D6D772702588DEBB00AA476F /* View */,
				D6D7726F2588DEB300AA476F /* Model */,
			);
			path = DetailedProgramm;
			sourceTree = "<group>";
		};
		D6D7726D2588DE6E00AA476F /* MyProgramms */ = {
			isa = PBXGroup;
			children = (
				D6D7726E2588DE8400AA476F /* Presenter */,
				C65687F656F3ABD600603CA2 /* UserProgrammsBuilder.swift */,
				97F26102C211A5A05690A4F9 /* UserProgrammsService.swift */,
				D5462DFE28D522E01B65BA30 /* Model */,
				4F082C3E0E3CD442CF0A038D /* View */,
			);
			path = MyProgramms;
			sourceTree = "<group>";
		};
		D6D7726E2588DE8400AA476F /* Presenter */ = {
			isa = PBXGroup;
			children = (
				7D12D935EB76D2101DBD652C /* UserProgrammsPresenter.swift */,
			);
			path = Presenter;
			sourceTree = "<group>";
		};
		D6D7726F2588DEB300AA476F /* Model */ = {
			isa = PBXGroup;
			children = (
			);
			path = Model;
			sourceTree = "<group>";
		};
		D6D772702588DEBB00AA476F /* View */ = {
			isa = PBXGroup;
			children = (
				D6C103BB258CB080000B05F2 /* CustomViews */,
				D6D772742588E05A00AA476F /* DetailedProgrammViewController.swift */,
				D6D772762588E08D00AA476F /* DetailedProgrammView.swift */,
			);
			path = View;
			sourceTree = "<group>";
		};
		D6D772712588DEC200AA476F /* Presenter */ = {
			isa = PBXGroup;
			children = (
				D6D772722588DEF000AA476F /* DetailedProgrammPresenter.swift */,
			);
			path = Presenter;
			sourceTree = "<group>";
		};
		D6FEB93D253B7048003085F9 = {
			isa = PBXGroup;
			children = (
				D6FEB986253B7AB8003085F9 /* Resources */,
				D6FEB948253B7048003085F9 /* sportprogramm */,
				D6FEB95F253B704B003085F9 /* sportprogrammTests */,
				D6FEB96A253B704B003085F9 /* sportprogrammUITests */,
				D6FEB947253B7048003085F9 /* Products */,
				A28AA1F8D64CDF6DE154F5DF /* Pods */,
				0E5E0780DECFAEA5FB04C4DB /* Frameworks */,
			);
			sourceTree = "<group>";
		};
		D6FEB947253B7048003085F9 /* Products */ = {
			isa = PBXGroup;
			children = (
				D6FEB946253B7048003085F9 /* sportprogramm.app */,
				D6FEB95C253B704B003085F9 /* sportprogrammTests.xctest */,
				D6FEB967253B704B003085F9 /* sportprogrammUITests.xctest */,
			);
			name = Products;
			sourceTree = "<group>";
		};
		D6FEB948253B7048003085F9 /* sportprogramm */ = {
			isa = PBXGroup;
			children = (
				D66861AB254891D200FC8219 /* Sources */,
				D66861A925488BA100FC8219 /* TrainerModule */,
				9DAD8EED30B9596AEEAE63F0 /* AuthenticationModule */,
				62A629ABBDE359B37191F1F6 /* UserModule */,
			);
			path = sportprogramm;
			sourceTree = "<group>";
		};
		D6FEB95F253B704B003085F9 /* sportprogrammTests */ = {
			isa = PBXGroup;
			children = (
				D6FEB960253B704B003085F9 /* sportprogrammTests.swift */,
				D6FEB962253B704B003085F9 /* Info.plist */,
			);
			path = sportprogrammTests;
			sourceTree = "<group>";
		};
		D6FEB96A253B704B003085F9 /* sportprogrammUITests */ = {
			isa = PBXGroup;
			children = (
				D6FEB96B253B704B003085F9 /* sportprogrammUITests.swift */,
				D6FEB96D253B704B003085F9 /* Info.plist */,
			);
			path = sportprogrammUITests;
			sourceTree = "<group>";
		};
		D6FEB986253B7AB8003085F9 /* Resources */ = {
			isa = PBXGroup;
			children = (
				D66861B725555C9D00FC8219 /* SF-Pro-Text-Regular.otf */,
				D66861B525555C4400FC8219 /* SF-Pro-Display-Bold.otf */,
				D6FEB98C253B7B0F003085F9 /* SF-Compact-Rounded-Black.otf */,
				D6FEB98E253B7B0F003085F9 /* SF-Compact-Rounded-Bold.otf */,
				D6FEB98F253B7B10003085F9 /* SF-Compact-Rounded-Heavy.otf */,
				D6FEB98D253B7B0F003085F9 /* SF-Compact-Rounded-Light.otf */,
				D6FEB990253B7B10003085F9 /* SF-Compact-Rounded-Medium.otf */,
				D6FEB991253B7B10003085F9 /* SF-Compact-Rounded-Regular.otf */,
				D6FEB989253B7B0F003085F9 /* SF-Compact-Rounded-Semibold.otf */,
				D6FEB98B253B7B0F003085F9 /* SF-Compact-Rounded-Thin.otf */,
				D6FEB98A253B7B0F003085F9 /* SF-Compact-Rounded-Ultralight.otf */,
			);
			path = Resources;
			sourceTree = "<group>";
		};
		E2DE7BAE897D57C3F1C3E278 /* Model */ = {
			isa = PBXGroup;
			children = (
				F635333B0C757FFA4D46864E /* UserSettingsModel.swift */,
			);
			path = Model;
			sourceTree = "<group>";
		};
		E5BECD2BAA44CFD7223482B6 /* Model */ = {
			isa = PBXGroup;
			children = (
				A8E8CD3993D7C97427A498CE /* UserModuleModel.swift */,
				D6C1040C25960645000B05F2 /* MockData.swift */,
			);
			path = Model;
			sourceTree = "<group>";
		};
		E6D57D79056A7A04E29F90AC /* UserProgramms */ = {
			isa = PBXGroup;
			children = (
				D6D7726D2588DE6E00AA476F /* MyProgramms */,
				D6D7726C2588DE5100AA476F /* DetailedProgramm */,
			);
			path = UserProgramms;
			sourceTree = "<group>";
		};
		EB2B4E1BC6457A32746213F4 /* UserSettings */ = {
			isa = PBXGroup;
			children = (
				A1D5D0E7BA36D52E42720D09 /* UserSettingsBuilder.swift */,
				8400555AAF480FB8029EBD4C /* UserSettingsViewController.swift */,
				5F007B8EAF4451DD0772FFD8 /* UserSettingsInteractor.swift */,
				B8FE8226BF5641FBE811E478 /* UserSettingsPresenter.swift */,
				B707BB42FAD7D5C561A6E357 /* UserSettingsDataFlow.swift */,
				E2DE7BAE897D57C3F1C3E278 /* Model */,
				6F32D19A339EFA4FBA345923 /* Provider */,
				0E472AFCD5C354B8E5AA8239 /* View */,
			);
			path = UserSettings;
			sourceTree = "<group>";
		};
		F159D5EF856860F428DE9682 /* Provider */ = {
			isa = PBXGroup;
			children = (
				5A38A556A30049AE495A3F1B /* PasswordRecoveryProvider.swift */,
				755BAFF617AAA7FF9B0F983A /* PasswordRecoveryDataStore.swift */,
				BB7F32D3892DC7937BF2B290 /* PasswordRecoveryService.swift */,
			);
			path = Provider;
			sourceTree = "<group>";
		};
/* End PBXGroup section */

/* Begin PBXNativeTarget section */
		D6FEB945253B7048003085F9 /* sportprogramm */ = {
			isa = PBXNativeTarget;
			buildConfigurationList = D6FEB970253B704B003085F9 /* Build configuration list for PBXNativeTarget "sportprogramm" */;
			buildPhases = (
				08469E7C882E9D8BB095115C /* [CP] Check Pods Manifest.lock */,
				D6FEB942253B7048003085F9 /* Sources */,
				D6FEB943253B7048003085F9 /* Frameworks */,
				D6FEB944253B7048003085F9 /* Resources */,
				984EBD415D80AFEC5E2327D2 /* [CP] Embed Pods Frameworks */,
			);
			buildRules = (
			);
			dependencies = (
			);
			name = sportprogramm;
			productName = sportprogramm;
			productReference = D6FEB946253B7048003085F9 /* sportprogramm.app */;
			productType = "com.apple.product-type.application";
		};
		D6FEB95B253B704B003085F9 /* sportprogrammTests */ = {
			isa = PBXNativeTarget;
			buildConfigurationList = D6FEB973253B704B003085F9 /* Build configuration list for PBXNativeTarget "sportprogrammTests" */;
			buildPhases = (
				43324AEE185CB407DA105C1B /* [CP] Check Pods Manifest.lock */,
				D6FEB958253B704B003085F9 /* Sources */,
				D6FEB959253B704B003085F9 /* Frameworks */,
				D6FEB95A253B704B003085F9 /* Resources */,
			);
			buildRules = (
			);
			dependencies = (
				D6FEB95E253B704B003085F9 /* PBXTargetDependency */,
			);
			name = sportprogrammTests;
			productName = sportprogrammTests;
			productReference = D6FEB95C253B704B003085F9 /* sportprogrammTests.xctest */;
			productType = "com.apple.product-type.bundle.unit-test";
		};
		D6FEB966253B704B003085F9 /* sportprogrammUITests */ = {
			isa = PBXNativeTarget;
			buildConfigurationList = D6FEB976253B704B003085F9 /* Build configuration list for PBXNativeTarget "sportprogrammUITests" */;
			buildPhases = (
				F56BC19780C8AC76516DC2E5 /* [CP] Check Pods Manifest.lock */,
				D6FEB963253B704B003085F9 /* Sources */,
				D6FEB964253B704B003085F9 /* Frameworks */,
				D6FEB965253B704B003085F9 /* Resources */,
				2D0F37CD591070471A048774 /* [CP] Embed Pods Frameworks */,
			);
			buildRules = (
			);
			dependencies = (
				D6FEB969253B704B003085F9 /* PBXTargetDependency */,
			);
			name = sportprogrammUITests;
			productName = sportprogrammUITests;
			productReference = D6FEB967253B704B003085F9 /* sportprogrammUITests.xctest */;
			productType = "com.apple.product-type.bundle.ui-testing";
		};
/* End PBXNativeTarget section */

/* Begin PBXProject section */
		D6FEB93E253B7048003085F9 /* Project object */ = {
			isa = PBXProject;
			attributes = {
				LastSwiftUpdateCheck = 1150;
				LastUpgradeCheck = 1150;
				ORGANIZATIONNAME = "Alyona Sabitskaya ";
				TargetAttributes = {
					D6FEB945253B7048003085F9 = {
						CreatedOnToolsVersion = 11.5;
					};
					D6FEB95B253B704B003085F9 = {
						CreatedOnToolsVersion = 11.5;
						TestTargetID = D6FEB945253B7048003085F9;
					};
					D6FEB966253B704B003085F9 = {
						CreatedOnToolsVersion = 11.5;
						TestTargetID = D6FEB945253B7048003085F9;
					};
				};
			};
			buildConfigurationList = D6FEB941253B7048003085F9 /* Build configuration list for PBXProject "sportprogramm" */;
			compatibilityVersion = "Xcode 9.3";
			developmentRegion = en;
			hasScannedForEncodings = 0;
			knownRegions = (
				en,
				Base,
			);
			mainGroup = D6FEB93D253B7048003085F9;
			productRefGroup = D6FEB947253B7048003085F9 /* Products */;
			projectDirPath = "";
			projectRoot = "";
			targets = (
				D6FEB945253B7048003085F9 /* sportprogramm */,
				D6FEB95B253B704B003085F9 /* sportprogrammTests */,
				D6FEB966253B704B003085F9 /* sportprogrammUITests */,
			);
		};
/* End PBXProject section */

/* Begin PBXResourcesBuildPhase section */
		D6FEB944253B7048003085F9 /* Resources */ = {
			isa = PBXResourcesBuildPhase;
			buildActionMask = 2147483647;
			files = (
				D6FEB993253B7B10003085F9 /* SF-Compact-Rounded-Ultralight.otf in Resources */,
				D6FEB99A253B7B10003085F9 /* SF-Compact-Rounded-Regular.otf in Resources */,
				D6FEB992253B7B10003085F9 /* SF-Compact-Rounded-Semibold.otf in Resources */,
				D6FEB995253B7B10003085F9 /* SF-Compact-Rounded-Black.otf in Resources */,
				D6FEB999253B7B10003085F9 /* SF-Compact-Rounded-Medium.otf in Resources */,
				D66861AD255009A000FC8219 /* GoogleService-Info.plist in Resources */,
				D66861B825555C9D00FC8219 /* SF-Pro-Text-Regular.otf in Resources */,
				D6FEB997253B7B10003085F9 /* SF-Compact-Rounded-Bold.otf in Resources */,
				D66861B625555C4400FC8219 /* SF-Pro-Display-Bold.otf in Resources */,
				D6FEB994253B7B10003085F9 /* SF-Compact-Rounded-Thin.otf in Resources */,
				D6FEB996253B7B10003085F9 /* SF-Compact-Rounded-Light.otf in Resources */,
				D6FEB998253B7B10003085F9 /* SF-Compact-Rounded-Heavy.otf in Resources */,
				D6FEB956253B704A003085F9 /* LaunchScreen.storyboard in Resources */,
				D6FEB953253B704A003085F9 /* Assets.xcassets in Resources */,
			);
			runOnlyForDeploymentPostprocessing = 0;
		};
		D6FEB95A253B704B003085F9 /* Resources */ = {
			isa = PBXResourcesBuildPhase;
			buildActionMask = 2147483647;
			files = (
				D66861AE255009A000FC8219 /* GoogleService-Info.plist in Resources */,
			);
			runOnlyForDeploymentPostprocessing = 0;
		};
		D6FEB965253B704B003085F9 /* Resources */ = {
			isa = PBXResourcesBuildPhase;
			buildActionMask = 2147483647;
			files = (
				D66861AF255009A000FC8219 /* GoogleService-Info.plist in Resources */,
			);
			runOnlyForDeploymentPostprocessing = 0;
		};
/* End PBXResourcesBuildPhase section */

/* Begin PBXShellScriptBuildPhase section */
		08469E7C882E9D8BB095115C /* [CP] Check Pods Manifest.lock */ = {
			isa = PBXShellScriptBuildPhase;
			buildActionMask = 2147483647;
			files = (
			);
			inputFileListPaths = (
			);
			inputPaths = (
				"${PODS_PODFILE_DIR_PATH}/Podfile.lock",
				"${PODS_ROOT}/Manifest.lock",
			);
			name = "[CP] Check Pods Manifest.lock";
			outputFileListPaths = (
			);
			outputPaths = (
				"$(DERIVED_FILE_DIR)/Pods-sportprogramm-checkManifestLockResult.txt",
			);
			runOnlyForDeploymentPostprocessing = 0;
			shellPath = /bin/sh;
			shellScript = "diff \"${PODS_PODFILE_DIR_PATH}/Podfile.lock\" \"${PODS_ROOT}/Manifest.lock\" > /dev/null\nif [ $? != 0 ] ; then\n    # print error to STDERR\n    echo \"error: The sandbox is not in sync with the Podfile.lock. Run 'pod install' or update your CocoaPods installation.\" >&2\n    exit 1\nfi\n# This output is used by Xcode 'outputs' to avoid re-running this script phase.\necho \"SUCCESS\" > \"${SCRIPT_OUTPUT_FILE_0}\"\n";
			showEnvVarsInLog = 0;
		};
		2D0F37CD591070471A048774 /* [CP] Embed Pods Frameworks */ = {
			isa = PBXShellScriptBuildPhase;
			buildActionMask = 2147483647;
			files = (
			);
			inputFileListPaths = (
				"${PODS_ROOT}/Target Support Files/Pods-sportprogramm-sportprogrammUITests/Pods-sportprogramm-sportprogrammUITests-frameworks-${CONFIGURATION}-input-files.xcfilelist",
			);
			name = "[CP] Embed Pods Frameworks";
			outputFileListPaths = (
				"${PODS_ROOT}/Target Support Files/Pods-sportprogramm-sportprogrammUITests/Pods-sportprogramm-sportprogrammUITests-frameworks-${CONFIGURATION}-output-files.xcfilelist",
			);
			runOnlyForDeploymentPostprocessing = 0;
			shellPath = /bin/sh;
			shellScript = "\"${PODS_ROOT}/Target Support Files/Pods-sportprogramm-sportprogrammUITests/Pods-sportprogramm-sportprogrammUITests-frameworks.sh\"\n";
			showEnvVarsInLog = 0;
		};
		43324AEE185CB407DA105C1B /* [CP] Check Pods Manifest.lock */ = {
			isa = PBXShellScriptBuildPhase;
			buildActionMask = 2147483647;
			files = (
			);
			inputFileListPaths = (
			);
			inputPaths = (
				"${PODS_PODFILE_DIR_PATH}/Podfile.lock",
				"${PODS_ROOT}/Manifest.lock",
			);
			name = "[CP] Check Pods Manifest.lock";
			outputFileListPaths = (
			);
			outputPaths = (
				"$(DERIVED_FILE_DIR)/Pods-sportprogrammTests-checkManifestLockResult.txt",
			);
			runOnlyForDeploymentPostprocessing = 0;
			shellPath = /bin/sh;
			shellScript = "diff \"${PODS_PODFILE_DIR_PATH}/Podfile.lock\" \"${PODS_ROOT}/Manifest.lock\" > /dev/null\nif [ $? != 0 ] ; then\n    # print error to STDERR\n    echo \"error: The sandbox is not in sync with the Podfile.lock. Run 'pod install' or update your CocoaPods installation.\" >&2\n    exit 1\nfi\n# This output is used by Xcode 'outputs' to avoid re-running this script phase.\necho \"SUCCESS\" > \"${SCRIPT_OUTPUT_FILE_0}\"\n";
			showEnvVarsInLog = 0;
		};
		984EBD415D80AFEC5E2327D2 /* [CP] Embed Pods Frameworks */ = {
			isa = PBXShellScriptBuildPhase;
			buildActionMask = 2147483647;
			files = (
			);
			inputFileListPaths = (
				"${PODS_ROOT}/Target Support Files/Pods-sportprogramm/Pods-sportprogramm-frameworks-${CONFIGURATION}-input-files.xcfilelist",
			);
			name = "[CP] Embed Pods Frameworks";
			outputFileListPaths = (
				"${PODS_ROOT}/Target Support Files/Pods-sportprogramm/Pods-sportprogramm-frameworks-${CONFIGURATION}-output-files.xcfilelist",
			);
			runOnlyForDeploymentPostprocessing = 0;
			shellPath = /bin/sh;
			shellScript = "\"${PODS_ROOT}/Target Support Files/Pods-sportprogramm/Pods-sportprogramm-frameworks.sh\"\n";
			showEnvVarsInLog = 0;
		};
		F56BC19780C8AC76516DC2E5 /* [CP] Check Pods Manifest.lock */ = {
			isa = PBXShellScriptBuildPhase;
			buildActionMask = 2147483647;
			files = (
			);
			inputFileListPaths = (
			);
			inputPaths = (
				"${PODS_PODFILE_DIR_PATH}/Podfile.lock",
				"${PODS_ROOT}/Manifest.lock",
			);
			name = "[CP] Check Pods Manifest.lock";
			outputFileListPaths = (
			);
			outputPaths = (
				"$(DERIVED_FILE_DIR)/Pods-sportprogramm-sportprogrammUITests-checkManifestLockResult.txt",
			);
			runOnlyForDeploymentPostprocessing = 0;
			shellPath = /bin/sh;
			shellScript = "diff \"${PODS_PODFILE_DIR_PATH}/Podfile.lock\" \"${PODS_ROOT}/Manifest.lock\" > /dev/null\nif [ $? != 0 ] ; then\n    # print error to STDERR\n    echo \"error: The sandbox is not in sync with the Podfile.lock. Run 'pod install' or update your CocoaPods installation.\" >&2\n    exit 1\nfi\n# This output is used by Xcode 'outputs' to avoid re-running this script phase.\necho \"SUCCESS\" > \"${SCRIPT_OUTPUT_FILE_0}\"\n";
			showEnvVarsInLog = 0;
		};
/* End PBXShellScriptBuildPhase section */

/* Begin PBXSourcesBuildPhase section */
		D6FEB942253B7048003085F9 /* Sources */ = {
			isa = PBXSourcesBuildPhase;
			buildActionMask = 2147483647;
			files = (
				D6FEB94A253B7048003085F9 /* AppDelegate.swift in Sources */,
				D6C103B8258CAFEE000B05F2 /* HorizontalFlowWeekdayCell.swift in Sources */,
				D6FEB94C253B7048003085F9 /* SceneDelegate.swift in Sources */,
				CC398AC08202234B4A9E95A4 /* AuthenticationModuleBuilder.swift in Sources */,
				AE12D23474862A95A5A29A70 /* AuthenticationModuleViewController.swift in Sources */,
				18062C233C834147FB1AB9F9 /* AuthenticationModuleInteractor.swift in Sources */,
				3D1EC614C0F2335C3B9EA0C6 /* AuthenticationModulePresenter.swift in Sources */,
				359208B0595AC5099D0487E9 /* AuthenticationModuleDataFlow.swift in Sources */,
				D5D0A427DE737068EE51DD3A /* AuthenticationModuleModel.swift in Sources */,
				F822108DC65ADEC71CD5C1F3 /* AuthenticationModuleProvider.swift in Sources */,
				97889C8FE0E12B3EFA0EAC21 /* AuthenticationModuleDataStore.swift in Sources */,
				0666A80B854D22B59886D17D /* AuthenticationModuleService.swift in Sources */,
				7CECF9474B765300F4B8972D /* AuthenticationModuleView.swift in Sources */,
				F594AF763EED4B93EE5F3088 /* UserModuleBuilder.swift in Sources */,
				E5D28048EC9ED277534F3745 /* UserModuleViewController.swift in Sources */,
				D6C104122599EA9E000B05F2 /* UserDetailedTrainingPresenter.swift in Sources */,
				0B80000420D53FDE3FDFFA53 /* UserModuleInteractor.swift in Sources */,
				12429ED90F04596E564F9207 /* UserModulePresenter.swift in Sources */,
				ED79E34D390FFF52C43E799B /* UserModuleDataFlow.swift in Sources */,
				2F45CC83E74DE7242A461C04 /* UserModuleModel.swift in Sources */,
				BCDD7A6AFB84E1AEAF20B1C2 /* UserModuleProvider.swift in Sources */,
				CCAD73305D3903D2E49CBA17 /* UserModuleDataStore.swift in Sources */,
				850F5652FDC2C4FA7F71FEFF /* UserModuleService.swift in Sources */,
				CA5E73F07730455F4D710A72 /* UserModuleView.swift in Sources */,
				C7C969AFA1483A8F6CC83763 /* TrainerModuleBuilder.swift in Sources */,
				7AAD55BFFB5A30063476DDBC /* TrainerModuleViewController.swift in Sources */,
				0AC8AF45C6BA486DA1A797D0 /* TrainerModuleInteractor.swift in Sources */,
				D67D7CF225AC5CF3005B2920 /* UserProgrammsDataSource.swift in Sources */,
				7409EC69C150BC198C6908FE /* TrainerModulePresenter.swift in Sources */,
				D6C103BA258CB015000B05F2 /* CustomNavBar.swift in Sources */,
				ADB6F6879CA5F959BC24352E /* TrainerModuleDataFlow.swift in Sources */,
				3B316A51C7AF4C4FE9BD5822 /* TrainerModuleModel.swift in Sources */,
				D66861B3255052A400FC8219 /* Tables.swift in Sources */,
				69A7E1642C276163AD6C983F /* TrainerModuleProvider.swift in Sources */,
				35C8CDAB544E5AAA1819F043 /* TrainerModuleDataStore.swift in Sources */,
				D6C104142599EAB0000B05F2 /* UserDetailedTrainingModel.swift in Sources */,
				99F2B21B04C243C68C1D544E /* TrainerModuleService.swift in Sources */,
				B59347437768607800527EA8 /* TrainerModuleView.swift in Sources */,
				0A3003386436E25388079770 /* RegistrationBuilder.swift in Sources */,
				79E9B8B4C9C0D4BD01A85D8B /* RegistrationViewController.swift in Sources */,
				D67D7CF425AC690E005B2920 /* UserProgrammsDelegate.swift in Sources */,
				38CB51413B7D2A206EBD2427 /* RegistrationInteractor.swift in Sources */,
				53A7870CA46A235F83A40C90 /* RegistrationPresenter.swift in Sources */,
				84307C964EED907EB7A9E971 /* RegistrationDataFlow.swift in Sources */,
				F2C2FAFF05E4CA123A6AB8F8 /* RegistrationModel.swift in Sources */,
				D6C1040D25960645000B05F2 /* MockData.swift in Sources */,
				D6D772792588E28D00AA476F /* DetailedProgrammBuilder.swift in Sources */,
				025AFCE59506FF8036640AED /* RegistrationProvider.swift in Sources */,
				D66861BA2559940000FC8219 /* UITapGestureRec+didTapAttrText.swift in Sources */,
				739C3232A0389339D54C4D78 /* RegistrationDataStore.swift in Sources */,
				EB78341B56457785F062297E /* RegistrationService.swift in Sources */,
				D6C104182599EADF000B05F2 /* UserDetailedTrainingView.swift in Sources */,
				2B4961A13E0D1DF3FB9C1831 /* RegistrationView.swift in Sources */,
				50895E881714F33D6DC92FF7 /* PasswordRecoveryBuilder.swift in Sources */,
				D67D7CF625AC6949005B2920 /* ViewControllerDelegateProtocol.swift in Sources */,
				E6D3052965286F9841638A7E /* PasswordRecoveryViewController.swift in Sources */,
				E68562833B1C3D32B29531DF /* PasswordRecoveryInteractor.swift in Sources */,
				D6D772752588E05A00AA476F /* DetailedProgrammViewController.swift in Sources */,
				7736B82A817177105DB31236 /* PasswordRecoveryPresenter.swift in Sources */,
				A337C1B9EC4E2FB68A96FC37 /* PasswordRecoveryDataFlow.swift in Sources */,
				B3E05778EFEBE26DDC8EF54D /* PasswordRecoveryModel.swift in Sources */,
				D670AF992577D6BD000BB237 /* UserProgrammsTableViewCell.swift in Sources */,
				A66F5326A773B28C18B83AB7 /* PasswordRecoveryProvider.swift in Sources */,
				1809228ADB7DD66E0CB652CB /* PasswordRecoveryDataStore.swift in Sources */,
				3A95A438423A8AAA53A97C08 /* PasswordRecoveryService.swift in Sources */,
				D6C104162599EACD000B05F2 /* UserDetailedTrainingViewController.swift in Sources */,
				BAB492C738DF9F6289FBACBD /* PasswordRecoveryView.swift in Sources */,
				44E44F7353A2B0D54DF1390D /* UserProgrammsBuilder.swift in Sources */,
				2FEF183CA975C2B18D4C824B /* UserProgrammsViewController.swift in Sources */,
				D6C104102599EA90000B05F2 /* UserDetailedTrainingBuilder.swift in Sources */,
				D6D772732588DEF000AA476F /* DetailedProgrammPresenter.swift in Sources */,
				C1DDF19E1C71FB25F38696E7 /* UserProgrammsPresenter.swift in Sources */,
				481880AC55500B5552383796 /* UserProgrammsModel.swift in Sources */,
				12F57DE69FB23F01E0E29B54 /* UserProgrammsService.swift in Sources */,
				D6D772772588E08D00AA476F /* DetailedProgrammView.swift in Sources */,
				2E5B0E68749A9B97745B1A63 /* UserProgrammsView.swift in Sources */,
				280E59C17B73F6D5EEA3B2E2 /* UserTrainingCalendarBuilder.swift in Sources */,
				2E1D8A9DF6CBD6806C13B8A4 /* UserTrainingCalendarViewController.swift in Sources */,
				1F9BCA229E61E1498939A58D /* UserTrainingCalendarPresenter.swift in Sources */,
				63F1DF5A196E22FE9C635DA4 /* UserTrainingCalendarModel.swift in Sources */,
				CC9D9A9EC51D9D91A8F5EFE5 /* UserTrainingCalendarService.swift in Sources */,
				5781E4F43BA619BD2370E96A /* UserTrainingCalendarView.swift in Sources */,
				D6C103BD258CB0FF000B05F2 /* DailyTrainingCell.swift in Sources */,
				9DFDEF42A0692E4E09AA0582 /* UserSettingsBuilder.swift in Sources */,
				F55D88CB5659CDEC31A835EA /* UserSettingsViewController.swift in Sources */,
				3D5E9D08A1E0C43C8C3EF354 /* UserSettingsInteractor.swift in Sources */,
				0CEF344D82F1F9557C643C04 /* UserSettingsPresenter.swift in Sources */,
				7EE76DF24B3236549F00FAB3 /* UserSettingsDataFlow.swift in Sources */,
				BADB0331A021A809F590EC8A /* UserSettingsModel.swift in Sources */,
				6FA5ECA32A40974D45D0363C /* UserSettingsProvider.swift in Sources */,
				6FBF0D2F18C172A2CEE14EBE /* UserSettingsDataStore.swift in Sources */,
				5F71183AA6F35A7464D19232 /* UserSettingsService.swift in Sources */,
				D59012DE7794EC43C8093C0A /* UserSettingsView.swift in Sources */,
			);
			runOnlyForDeploymentPostprocessing = 0;
		};
		D6FEB958253B704B003085F9 /* Sources */ = {
			isa = PBXSourcesBuildPhase;
			buildActionMask = 2147483647;
			files = (
				D6FEB961253B704B003085F9 /* sportprogrammTests.swift in Sources */,
			);
			runOnlyForDeploymentPostprocessing = 0;
		};
		D6FEB963253B704B003085F9 /* Sources */ = {
			isa = PBXSourcesBuildPhase;
			buildActionMask = 2147483647;
			files = (
				D6FEB96C253B704B003085F9 /* sportprogrammUITests.swift in Sources */,
			);
			runOnlyForDeploymentPostprocessing = 0;
		};
/* End PBXSourcesBuildPhase section */

/* Begin PBXTargetDependency section */
		D6FEB95E253B704B003085F9 /* PBXTargetDependency */ = {
			isa = PBXTargetDependency;
			target = D6FEB945253B7048003085F9 /* sportprogramm */;
			targetProxy = D6FEB95D253B704B003085F9 /* PBXContainerItemProxy */;
		};
		D6FEB969253B704B003085F9 /* PBXTargetDependency */ = {
			isa = PBXTargetDependency;
			target = D6FEB945253B7048003085F9 /* sportprogramm */;
			targetProxy = D6FEB968253B704B003085F9 /* PBXContainerItemProxy */;
		};
/* End PBXTargetDependency section */

/* Begin PBXVariantGroup section */
		D6FEB954253B704A003085F9 /* LaunchScreen.storyboard */ = {
			isa = PBXVariantGroup;
			children = (
				D6FEB955253B704A003085F9 /* Base */,
			);
			name = LaunchScreen.storyboard;
			sourceTree = "<group>";
		};
/* End PBXVariantGroup section */

/* Begin XCBuildConfiguration section */
		D6FEB96E253B704B003085F9 /* Debug */ = {
			isa = XCBuildConfiguration;
			buildSettings = {
				ALWAYS_SEARCH_USER_PATHS = NO;
				CLANG_ANALYZER_NONNULL = YES;
				CLANG_ANALYZER_NUMBER_OBJECT_CONVERSION = YES_AGGRESSIVE;
				CLANG_CXX_LANGUAGE_STANDARD = "gnu++14";
				CLANG_CXX_LIBRARY = "libc++";
				CLANG_ENABLE_MODULES = YES;
				CLANG_ENABLE_OBJC_ARC = YES;
				CLANG_ENABLE_OBJC_WEAK = YES;
				CLANG_WARN_BLOCK_CAPTURE_AUTORELEASING = YES;
				CLANG_WARN_BOOL_CONVERSION = YES;
				CLANG_WARN_COMMA = YES;
				CLANG_WARN_CONSTANT_CONVERSION = YES;
				CLANG_WARN_DEPRECATED_OBJC_IMPLEMENTATIONS = YES;
				CLANG_WARN_DIRECT_OBJC_ISA_USAGE = YES_ERROR;
				CLANG_WARN_DOCUMENTATION_COMMENTS = YES;
				CLANG_WARN_EMPTY_BODY = YES;
				CLANG_WARN_ENUM_CONVERSION = YES;
				CLANG_WARN_INFINITE_RECURSION = YES;
				CLANG_WARN_INT_CONVERSION = YES;
				CLANG_WARN_NON_LITERAL_NULL_CONVERSION = YES;
				CLANG_WARN_OBJC_IMPLICIT_RETAIN_SELF = YES;
				CLANG_WARN_OBJC_LITERAL_CONVERSION = YES;
				CLANG_WARN_OBJC_ROOT_CLASS = YES_ERROR;
				CLANG_WARN_RANGE_LOOP_ANALYSIS = YES;
				CLANG_WARN_STRICT_PROTOTYPES = YES;
				CLANG_WARN_SUSPICIOUS_MOVE = YES;
				CLANG_WARN_UNGUARDED_AVAILABILITY = YES_AGGRESSIVE;
				CLANG_WARN_UNREACHABLE_CODE = YES;
				CLANG_WARN__DUPLICATE_METHOD_MATCH = YES;
				COPY_PHASE_STRIP = NO;
				DEBUG_INFORMATION_FORMAT = dwarf;
				ENABLE_STRICT_OBJC_MSGSEND = YES;
				ENABLE_TESTABILITY = YES;
				GCC_C_LANGUAGE_STANDARD = gnu11;
				GCC_DYNAMIC_NO_PIC = NO;
				GCC_NO_COMMON_BLOCKS = YES;
				GCC_OPTIMIZATION_LEVEL = 0;
				GCC_PREPROCESSOR_DEFINITIONS = (
					"DEBUG=1",
					"$(inherited)",
				);
				GCC_WARN_64_TO_32_BIT_CONVERSION = YES;
				GCC_WARN_ABOUT_RETURN_TYPE = YES_ERROR;
				GCC_WARN_UNDECLARED_SELECTOR = YES;
				GCC_WARN_UNINITIALIZED_AUTOS = YES_AGGRESSIVE;
				GCC_WARN_UNUSED_FUNCTION = YES;
				GCC_WARN_UNUSED_VARIABLE = YES;
				IPHONEOS_DEPLOYMENT_TARGET = 13.5;
				MTL_ENABLE_DEBUG_INFO = INCLUDE_SOURCE;
				MTL_FAST_MATH = YES;
				ONLY_ACTIVE_ARCH = YES;
				SDKROOT = iphoneos;
				SWIFT_ACTIVE_COMPILATION_CONDITIONS = DEBUG;
				SWIFT_OPTIMIZATION_LEVEL = "-Onone";
			};
			name = Debug;
		};
		D6FEB96F253B704B003085F9 /* Release */ = {
			isa = XCBuildConfiguration;
			buildSettings = {
				ALWAYS_SEARCH_USER_PATHS = NO;
				CLANG_ANALYZER_NONNULL = YES;
				CLANG_ANALYZER_NUMBER_OBJECT_CONVERSION = YES_AGGRESSIVE;
				CLANG_CXX_LANGUAGE_STANDARD = "gnu++14";
				CLANG_CXX_LIBRARY = "libc++";
				CLANG_ENABLE_MODULES = YES;
				CLANG_ENABLE_OBJC_ARC = YES;
				CLANG_ENABLE_OBJC_WEAK = YES;
				CLANG_WARN_BLOCK_CAPTURE_AUTORELEASING = YES;
				CLANG_WARN_BOOL_CONVERSION = YES;
				CLANG_WARN_COMMA = YES;
				CLANG_WARN_CONSTANT_CONVERSION = YES;
				CLANG_WARN_DEPRECATED_OBJC_IMPLEMENTATIONS = YES;
				CLANG_WARN_DIRECT_OBJC_ISA_USAGE = YES_ERROR;
				CLANG_WARN_DOCUMENTATION_COMMENTS = YES;
				CLANG_WARN_EMPTY_BODY = YES;
				CLANG_WARN_ENUM_CONVERSION = YES;
				CLANG_WARN_INFINITE_RECURSION = YES;
				CLANG_WARN_INT_CONVERSION = YES;
				CLANG_WARN_NON_LITERAL_NULL_CONVERSION = YES;
				CLANG_WARN_OBJC_IMPLICIT_RETAIN_SELF = YES;
				CLANG_WARN_OBJC_LITERAL_CONVERSION = YES;
				CLANG_WARN_OBJC_ROOT_CLASS = YES_ERROR;
				CLANG_WARN_RANGE_LOOP_ANALYSIS = YES;
				CLANG_WARN_STRICT_PROTOTYPES = YES;
				CLANG_WARN_SUSPICIOUS_MOVE = YES;
				CLANG_WARN_UNGUARDED_AVAILABILITY = YES_AGGRESSIVE;
				CLANG_WARN_UNREACHABLE_CODE = YES;
				CLANG_WARN__DUPLICATE_METHOD_MATCH = YES;
				COPY_PHASE_STRIP = NO;
				DEBUG_INFORMATION_FORMAT = "dwarf-with-dsym";
				ENABLE_NS_ASSERTIONS = NO;
				ENABLE_STRICT_OBJC_MSGSEND = YES;
				GCC_C_LANGUAGE_STANDARD = gnu11;
				GCC_NO_COMMON_BLOCKS = YES;
				GCC_WARN_64_TO_32_BIT_CONVERSION = YES;
				GCC_WARN_ABOUT_RETURN_TYPE = YES_ERROR;
				GCC_WARN_UNDECLARED_SELECTOR = YES;
				GCC_WARN_UNINITIALIZED_AUTOS = YES_AGGRESSIVE;
				GCC_WARN_UNUSED_FUNCTION = YES;
				GCC_WARN_UNUSED_VARIABLE = YES;
				IPHONEOS_DEPLOYMENT_TARGET = 13.5;
				MTL_ENABLE_DEBUG_INFO = NO;
				MTL_FAST_MATH = YES;
				SDKROOT = iphoneos;
				SWIFT_COMPILATION_MODE = wholemodule;
				SWIFT_OPTIMIZATION_LEVEL = "-O";
				VALIDATE_PRODUCT = YES;
			};
			name = Release;
		};
		D6FEB971253B704B003085F9 /* Debug */ = {
			isa = XCBuildConfiguration;
			baseConfigurationReference = D77209554CBC633403953558 /* Pods-sportprogramm.debug.xcconfig */;
			buildSettings = {
				ASSETCATALOG_COMPILER_APPICON_NAME = AppIcon;
				CODE_SIGN_STYLE = Automatic;
				INFOPLIST_FILE = sportprogramm/Sources/Info.plist;
				LD_RUNPATH_SEARCH_PATHS = (
					"$(inherited)",
					"@executable_path/Frameworks",
				);
				PRODUCT_BUNDLE_IDENTIFIER = sportmax.sportprogramm;
				PRODUCT_NAME = "$(TARGET_NAME)";
				SWIFT_VERSION = 5.0;
				TARGETED_DEVICE_FAMILY = "1,2";
			};
			name = Debug;
		};
		D6FEB972253B704B003085F9 /* Release */ = {
			isa = XCBuildConfiguration;
			baseConfigurationReference = 78E746DAE90DC17290945CBF /* Pods-sportprogramm.release.xcconfig */;
			buildSettings = {
				ASSETCATALOG_COMPILER_APPICON_NAME = AppIcon;
				CODE_SIGN_STYLE = Automatic;
				INFOPLIST_FILE = sportprogramm/Sources/Info.plist;
				LD_RUNPATH_SEARCH_PATHS = (
					"$(inherited)",
					"@executable_path/Frameworks",
				);
				PRODUCT_BUNDLE_IDENTIFIER = sportmax.sportprogramm;
				PRODUCT_NAME = "$(TARGET_NAME)";
				SWIFT_VERSION = 5.0;
				TARGETED_DEVICE_FAMILY = "1,2";
			};
			name = Release;
		};
		D6FEB974253B704B003085F9 /* Debug */ = {
			isa = XCBuildConfiguration;
			baseConfigurationReference = 6DD66BC5FA1240536C99FC6E /* Pods-sportprogrammTests.debug.xcconfig */;
			buildSettings = {
				ALWAYS_EMBED_SWIFT_STANDARD_LIBRARIES = YES;
				BUNDLE_LOADER = "$(TEST_HOST)";
				CODE_SIGN_STYLE = Automatic;
				INFOPLIST_FILE = sportprogrammTests/Info.plist;
				IPHONEOS_DEPLOYMENT_TARGET = 13.5;
				LD_RUNPATH_SEARCH_PATHS = (
					"$(inherited)",
					"@executable_path/Frameworks",
					"@loader_path/Frameworks",
				);
				PRODUCT_BUNDLE_IDENTIFIER = sportmax.sportprogrammTests;
				PRODUCT_NAME = "$(TARGET_NAME)";
				SWIFT_VERSION = 5.0;
				TARGETED_DEVICE_FAMILY = "1,2";
				TEST_HOST = "$(BUILT_PRODUCTS_DIR)/sportprogramm.app/sportprogramm";
			};
			name = Debug;
		};
		D6FEB975253B704B003085F9 /* Release */ = {
			isa = XCBuildConfiguration;
			baseConfigurationReference = B192B5781A5571A6AB6458CA /* Pods-sportprogrammTests.release.xcconfig */;
			buildSettings = {
				ALWAYS_EMBED_SWIFT_STANDARD_LIBRARIES = YES;
				BUNDLE_LOADER = "$(TEST_HOST)";
				CODE_SIGN_STYLE = Automatic;
				INFOPLIST_FILE = sportprogrammTests/Info.plist;
				IPHONEOS_DEPLOYMENT_TARGET = 13.5;
				LD_RUNPATH_SEARCH_PATHS = (
					"$(inherited)",
					"@executable_path/Frameworks",
					"@loader_path/Frameworks",
				);
				PRODUCT_BUNDLE_IDENTIFIER = sportmax.sportprogrammTests;
				PRODUCT_NAME = "$(TARGET_NAME)";
				SWIFT_VERSION = 5.0;
				TARGETED_DEVICE_FAMILY = "1,2";
				TEST_HOST = "$(BUILT_PRODUCTS_DIR)/sportprogramm.app/sportprogramm";
			};
			name = Release;
		};
		D6FEB977253B704B003085F9 /* Debug */ = {
			isa = XCBuildConfiguration;
			baseConfigurationReference = A83061D9C4E7ABB8F6218990 /* Pods-sportprogramm-sportprogrammUITests.debug.xcconfig */;
			buildSettings = {
				ALWAYS_EMBED_SWIFT_STANDARD_LIBRARIES = YES;
				CODE_SIGN_STYLE = Automatic;
				INFOPLIST_FILE = sportprogrammUITests/Info.plist;
				LD_RUNPATH_SEARCH_PATHS = (
					"$(inherited)",
					"@executable_path/Frameworks",
					"@loader_path/Frameworks",
				);
				PRODUCT_BUNDLE_IDENTIFIER = sportmax.sportprogrammUITests;
				PRODUCT_NAME = "$(TARGET_NAME)";
				SWIFT_VERSION = 5.0;
				TARGETED_DEVICE_FAMILY = "1,2";
				TEST_TARGET_NAME = sportprogramm;
			};
			name = Debug;
		};
		D6FEB978253B704B003085F9 /* Release */ = {
			isa = XCBuildConfiguration;
			baseConfigurationReference = 4C30005749C2673EA69F4FC4 /* Pods-sportprogramm-sportprogrammUITests.release.xcconfig */;
			buildSettings = {
				ALWAYS_EMBED_SWIFT_STANDARD_LIBRARIES = YES;
				CODE_SIGN_STYLE = Automatic;
				INFOPLIST_FILE = sportprogrammUITests/Info.plist;
				LD_RUNPATH_SEARCH_PATHS = (
					"$(inherited)",
					"@executable_path/Frameworks",
					"@loader_path/Frameworks",
				);
				PRODUCT_BUNDLE_IDENTIFIER = sportmax.sportprogrammUITests;
				PRODUCT_NAME = "$(TARGET_NAME)";
				SWIFT_VERSION = 5.0;
				TARGETED_DEVICE_FAMILY = "1,2";
				TEST_TARGET_NAME = sportprogramm;
			};
			name = Release;
		};
/* End XCBuildConfiguration section */

/* Begin XCConfigurationList section */
		D6FEB941253B7048003085F9 /* Build configuration list for PBXProject "sportprogramm" */ = {
			isa = XCConfigurationList;
			buildConfigurations = (
				D6FEB96E253B704B003085F9 /* Debug */,
				D6FEB96F253B704B003085F9 /* Release */,
			);
			defaultConfigurationIsVisible = 0;
			defaultConfigurationName = Release;
		};
		D6FEB970253B704B003085F9 /* Build configuration list for PBXNativeTarget "sportprogramm" */ = {
			isa = XCConfigurationList;
			buildConfigurations = (
				D6FEB971253B704B003085F9 /* Debug */,
				D6FEB972253B704B003085F9 /* Release */,
			);
			defaultConfigurationIsVisible = 0;
			defaultConfigurationName = Release;
		};
		D6FEB973253B704B003085F9 /* Build configuration list for PBXNativeTarget "sportprogrammTests" */ = {
			isa = XCConfigurationList;
			buildConfigurations = (
				D6FEB974253B704B003085F9 /* Debug */,
				D6FEB975253B704B003085F9 /* Release */,
			);
			defaultConfigurationIsVisible = 0;
			defaultConfigurationName = Release;
		};
		D6FEB976253B704B003085F9 /* Build configuration list for PBXNativeTarget "sportprogrammUITests" */ = {
			isa = XCConfigurationList;
			buildConfigurations = (
				D6FEB977253B704B003085F9 /* Debug */,
				D6FEB978253B704B003085F9 /* Release */,
			);
			defaultConfigurationIsVisible = 0;
			defaultConfigurationName = Release;
		};
/* End XCConfigurationList section */
	};
	rootObject = D6FEB93E253B7048003085F9 /* Project object */;
}
